// !$*UTF8*$!
{
	archiveVersion = 1;
	classes = {
	};
	objectVersion = 56;
	objects = {

/* Begin PBXBuildFile section */
		2B0F7E202C9B1FF200EC81C9 /* PeerConnectionClient.swift in Sources */ = {isa = PBXBuildFile; fileRef = 2B0F7E1F2C9B1FF200EC81C9 /* PeerConnectionClient.swift */; };
		2B6336382F13A74B00CB3CEB /* SocketConnection.swift in Sources */ = {isa = PBXBuildFile; fileRef = 2B6336372F13A74B00CB3CEB /* SocketConnection.swift */; };
		2B6336392F13A74B00CB3CEB /* SampleUploader.swift in Sources */ = {isa = PBXBuildFile; fileRef = 2B6336362F13A74B00CB3CEB /* SampleUploader.swift */; };
		2B6336412F13AE3600CB3CEB /* Atomic.swift in Sources */ = {isa = PBXBuildFile; fileRef = 2B6336402F13AE3600CB3CEB /* Atomic.swift */; };
		2B7458052C98569C003184F2 /* AppDelegate.swift in Sources */ = {isa = PBXBuildFile; fileRef = 2B7458042C98569C003184F2 /* AppDelegate.swift */; };
		2B7458072C98569C003184F2 /* SceneDelegate.swift in Sources */ = {isa = PBXBuildFile; fileRef = 2B7458062C98569C003184F2 /* SceneDelegate.swift */; };
		2B7458092C98569C003184F2 /* ViewController.swift in Sources */ = {isa = PBXBuildFile; fileRef = 2B7458082C98569C003184F2 /* ViewController.swift */; };
		2B74580C2C98569C003184F2 /* Base in Resources */ = {isa = PBXBuildFile; fileRef = 2B74580B2C98569C003184F2 /* Base */; };
		2B74580E2C98569D003184F2 /* Assets.xcassets in Resources */ = {isa = PBXBuildFile; fileRef = 2B74580D2C98569D003184F2 /* Assets.xcassets */; };
		2B7458112C98569D003184F2 /* Base in Resources */ = {isa = PBXBuildFile; fileRef = 2B7458102C98569D003184F2 /* Base */; };
		2BBD7BE02C986915003B4801 /* CallViewController.swift in Sources */ = {isa = PBXBuildFile; fileRef = 2BBD7BDF2C986915003B4801 /* CallViewController.swift */; };
		2BBD7BE62C986938003B4801 /* RTCCustomFrameCapturer.swift in Sources */ = {isa = PBXBuildFile; fileRef = 2BBD7BE52C986938003B4801 /* RTCCustomFrameCapturer.swift */; };
		2BCB1DF8AFEE89786F5F8EF3 /* Pods_WebRTCDemo.framework in Frameworks */ = {isa = PBXBuildFile; fileRef = 38CD77A762034D2B49399C9D /* Pods_WebRTCDemo.framework */; };
		2BD4B3CB2F149B480092E3C4 /* RTCFileVideoCapturer+URL.swift in Sources */ = {isa = PBXBuildFile; fileRef = 2BD4B3CA2F149B480092E3C4 /* RTCFileVideoCapturer+URL.swift */; };
		2BD4B3CD2F14C00E0092E3C4 /* MessageCell.swift in Sources */ = {isa = PBXBuildFile; fileRef = 2BD4B3CC2F14C00E0092E3C4 /* MessageCell.swift */; };
		2BD4B3CF2F14C4350092E3C4 /* video.mp4 in Resources */ = {isa = PBXBuildFile; fileRef = 2BD4B3CE2F14C4350092E3C4 /* video.mp4 */; };
		2BD4B3D12F14C6E90092E3C4 /* DarwinNotificationCenter.swift in Sources */ = {isa = PBXBuildFile; fileRef = 2BD4B3D02F14C6E90092E3C4 /* DarwinNotificationCenter.swift */; };
		2BD4B3D32F14CCB60092E3C4 /* DarwinNotificationCenter.swift in Sources */ = {isa = PBXBuildFile; fileRef = 2BD4B3D22F14CCB60092E3C4 /* DarwinNotificationCenter.swift */; };
		2BD4B3D72F14CCFD0092E3C4 /* FlutterBroadcastScreenCapturer.m in Sources */ = {isa = PBXBuildFile; fileRef = 2BD4B3D62F14CCFD0092E3C4 /* FlutterBroadcastScreenCapturer.m */; };
		2BD4B3DA2F14CD030092E3C4 /* FlutterSocketConnection.m in Sources */ = {isa = PBXBuildFile; fileRef = 2BD4B3D92F14CD030092E3C4 /* FlutterSocketConnection.m */; };
		2BD4B3DD2F14CD090092E3C4 /* FlutterSocketConnectionFrameReader.m in Sources */ = {isa = PBXBuildFile; fileRef = 2BD4B3DC2F14CD090092E3C4 /* FlutterSocketConnectionFrameReader.m */; };
		2BF2E2152CA14F2E003EFE08 /* ReplayKit.framework in Frameworks */ = {isa = PBXBuildFile; fileRef = 2BF2E2142CA14F2E003EFE08 /* ReplayKit.framework */; };
		2BF2E2182CA14F2E003EFE08 /* SampleHandler.swift in Sources */ = {isa = PBXBuildFile; fileRef = 2BF2E2172CA14F2E003EFE08 /* SampleHandler.swift */; };
		2BF2E21F2CA14F2E003EFE08 /* ReplayKit.framework in Frameworks */ = {isa = PBXBuildFile; fileRef = 2BF2E2142CA14F2E003EFE08 /* ReplayKit.framework */; };
		2BF2E2212CA14F2E003EFE08 /* UIKit.framework in Frameworks */ = {isa = PBXBuildFile; fileRef = 2BF2E2202CA14F2E003EFE08 /* UIKit.framework */; };
		2BF2E2242CA14F2E003EFE08 /* BroadcastSetupViewController.swift in Sources */ = {isa = PBXBuildFile; fileRef = 2BF2E2232CA14F2E003EFE08 /* BroadcastSetupViewController.swift */; };
		2BF2E2282CA14F2E003EFE08 /* WebRTCDemoScreenBroadcastSetupUI.appex in Embed Foundation Extensions */ = {isa = PBXBuildFile; fileRef = 2BF2E21E2CA14F2E003EFE08 /* WebRTCDemoScreenBroadcastSetupUI.appex */; settings = {ATTRIBUTES = (RemoveHeadersOnCopy, ); }; };
		2BF2E22B2CA14F2E003EFE08 /* WebRTCDemoScreenBroadcast.appex in Embed Foundation Extensions */ = {isa = PBXBuildFile; fileRef = 2BF2E2132CA14F2E003EFE08 /* WebRTCDemoScreenBroadcast.appex */; settings = {ATTRIBUTES = (RemoveHeadersOnCopy, ); }; };
		8F909062B84A554A86DBCACD /* Pods_WebRTCDemoScreenBroadcast.framework in Frameworks */ = {isa = PBXBuildFile; fileRef = 6A272B9F2D2B26CDD4DC19CB /* Pods_WebRTCDemoScreenBroadcast.framework */; };
/* End PBXBuildFile section */

/* Begin PBXContainerItemProxy section */
		2BF2E2262CA14F2E003EFE08 /* PBXContainerItemProxy */ = {
			isa = PBXContainerItemProxy;
			containerPortal = 2B7457F92C98569C003184F2 /* Project object */;
			proxyType = 1;
			remoteGlobalIDString = 2BF2E21D2CA14F2E003EFE08;
			remoteInfo = WebRTCDemoScreenBroadcastSetupUI;
		};
		2BF2E2292CA14F2E003EFE08 /* PBXContainerItemProxy */ = {
			isa = PBXContainerItemProxy;
			containerPortal = 2B7457F92C98569C003184F2 /* Project object */;
			proxyType = 1;
			remoteGlobalIDString = 2BF2E2122CA14F2E003EFE08;
			remoteInfo = WebRTCDemoScreenBroadcast;
		};
/* End PBXContainerItemProxy section */

/* Begin PBXCopyFilesBuildPhase section */
		2BF2E22C2CA14F2E003EFE08 /* Embed Foundation Extensions */ = {
			isa = PBXCopyFilesBuildPhase;
			buildActionMask = 2147483647;
			dstPath = "";
			dstSubfolderSpec = 13;
			files = (
				2BF2E22B2CA14F2E003EFE08 /* WebRTCDemoScreenBroadcast.appex in Embed Foundation Extensions */,
				2BF2E2282CA14F2E003EFE08 /* WebRTCDemoScreenBroadcastSetupUI.appex in Embed Foundation Extensions */,
			);
			name = "Embed Foundation Extensions";
			runOnlyForDeploymentPostprocessing = 0;
		};
/* End PBXCopyFilesBuildPhase section */

/* Begin PBXFileReference section */
		2B0F7E1F2C9B1FF200EC81C9 /* PeerConnectionClient.swift */ = {isa = PBXFileReference; lastKnownFileType = sourcecode.swift; path = PeerConnectionClient.swift; sourceTree = "<group>"; };
		2B6336362F13A74B00CB3CEB /* SampleUploader.swift */ = {isa = PBXFileReference; lastKnownFileType = sourcecode.swift; path = SampleUploader.swift; sourceTree = "<group>"; };
		2B6336372F13A74B00CB3CEB /* SocketConnection.swift */ = {isa = PBXFileReference; lastKnownFileType = sourcecode.swift; path = SocketConnection.swift; sourceTree = "<group>"; };
		2B6336402F13AE3600CB3CEB /* Atomic.swift */ = {isa = PBXFileReference; lastKnownFileType = sourcecode.swift; path = Atomic.swift; sourceTree = "<group>"; };
		2B7458012C98569C003184F2 /* WebRTCDemo.app */ = {isa = PBXFileReference; explicitFileType = wrapper.application; includeInIndex = 0; path = WebRTCDemo.app; sourceTree = BUILT_PRODUCTS_DIR; };
		2B7458042C98569C003184F2 /* AppDelegate.swift */ = {isa = PBXFileReference; lastKnownFileType = sourcecode.swift; path = AppDelegate.swift; sourceTree = "<group>"; };
		2B7458062C98569C003184F2 /* SceneDelegate.swift */ = {isa = PBXFileReference; lastKnownFileType = sourcecode.swift; path = SceneDelegate.swift; sourceTree = "<group>"; };
		2B7458082C98569C003184F2 /* ViewController.swift */ = {isa = PBXFileReference; lastKnownFileType = sourcecode.swift; path = ViewController.swift; sourceTree = "<group>"; };
		2B74580B2C98569C003184F2 /* Base */ = {isa = PBXFileReference; lastKnownFileType = file.storyboard; name = Base; path = Base.lproj/Main.storyboard; sourceTree = "<group>"; };
		2B74580D2C98569D003184F2 /* Assets.xcassets */ = {isa = PBXFileReference; lastKnownFileType = folder.assetcatalog; path = Assets.xcassets; sourceTree = "<group>"; };
		2B7458102C98569D003184F2 /* Base */ = {isa = PBXFileReference; lastKnownFileType = file.storyboard; name = Base; path = Base.lproj/LaunchScreen.storyboard; sourceTree = "<group>"; };
		2B7458122C98569D003184F2 /* Info.plist */ = {isa = PBXFileReference; lastKnownFileType = text.plist.xml; path = Info.plist; sourceTree = "<group>"; };
		2BBD7BDF2C986915003B4801 /* CallViewController.swift */ = {isa = PBXFileReference; lastKnownFileType = sourcecode.swift; path = CallViewController.swift; sourceTree = "<group>"; };
		2BBD7BE52C986938003B4801 /* RTCCustomFrameCapturer.swift */ = {isa = PBXFileReference; lastKnownFileType = sourcecode.swift; path = RTCCustomFrameCapturer.swift; sourceTree = "<group>"; };
		2BD4B3CA2F149B480092E3C4 /* RTCFileVideoCapturer+URL.swift */ = {isa = PBXFileReference; lastKnownFileType = sourcecode.swift; path = "RTCFileVideoCapturer+URL.swift"; sourceTree = "<group>"; };
		2BD4B3CC2F14C00E0092E3C4 /* MessageCell.swift */ = {isa = PBXFileReference; lastKnownFileType = sourcecode.swift; path = MessageCell.swift; sourceTree = "<group>"; };
		2BD4B3CE2F14C4350092E3C4 /* video.mp4 */ = {isa = PBXFileReference; lastKnownFileType = file; path = video.mp4; sourceTree = "<group>"; };
		2BD4B3D02F14C6E90092E3C4 /* DarwinNotificationCenter.swift */ = {isa = PBXFileReference; lastKnownFileType = sourcecode.swift; path = DarwinNotificationCenter.swift; sourceTree = "<group>"; };
		2BD4B3D22F14CCB60092E3C4 /* DarwinNotificationCenter.swift */ = {isa = PBXFileReference; lastKnownFileType = sourcecode.swift; path = DarwinNotificationCenter.swift; sourceTree = "<group>"; };
		2BD4B3D42F14CCBB0092E3C4 /* WebRTCDemo-Bridging-Header.h */ = {isa = PBXFileReference; lastKnownFileType = sourcecode.c.h; path = "WebRTCDemo-Bridging-Header.h"; sourceTree = "<group>"; };
		2BD4B3D52F14CCF70092E3C4 /* FlutterBroadcastScreenCapturer.h */ = {isa = PBXFileReference; lastKnownFileType = sourcecode.c.h; path = FlutterBroadcastScreenCapturer.h; sourceTree = "<group>"; };
		2BD4B3D62F14CCFD0092E3C4 /* FlutterBroadcastScreenCapturer.m */ = {isa = PBXFileReference; lastKnownFileType = sourcecode.c.objc; path = FlutterBroadcastScreenCapturer.m; sourceTree = "<group>"; };
		2BD4B3D82F14CD000092E3C4 /* FlutterSocketConnection.h */ = {isa = PBXFileReference; lastKnownFileType = sourcecode.c.h; path = FlutterSocketConnection.h; sourceTree = "<group>"; };
		2BD4B3D92F14CD030092E3C4 /* FlutterSocketConnection.m */ = {isa = PBXFileReference; lastKnownFileType = sourcecode.c.objc; path = FlutterSocketConnection.m; sourceTree = "<group>"; };
		2BD4B3DB2F14CD070092E3C4 /* FlutterSocketConnectionFrameReader.h */ = {isa = PBXFileReference; lastKnownFileType = sourcecode.c.h; path = FlutterSocketConnectionFrameReader.h; sourceTree = "<group>"; };
		2BD4B3DC2F14CD090092E3C4 /* FlutterSocketConnectionFrameReader.m */ = {isa = PBXFileReference; lastKnownFileType = sourcecode.c.objc; path = FlutterSocketConnectionFrameReader.m; sourceTree = "<group>"; };
		2BF2E2132CA14F2E003EFE08 /* WebRTCDemoScreenBroadcast.appex */ = {isa = PBXFileReference; explicitFileType = "wrapper.app-extension"; includeInIndex = 0; path = WebRTCDemoScreenBroadcast.appex; sourceTree = BUILT_PRODUCTS_DIR; };
		2BF2E2142CA14F2E003EFE08 /* ReplayKit.framework */ = {isa = PBXFileReference; lastKnownFileType = wrapper.framework; name = ReplayKit.framework; path = System/Library/Frameworks/ReplayKit.framework; sourceTree = SDKROOT; };
		2BF2E2172CA14F2E003EFE08 /* SampleHandler.swift */ = {isa = PBXFileReference; lastKnownFileType = sourcecode.swift; path = SampleHandler.swift; sourceTree = "<group>"; };
		2BF2E2192CA14F2E003EFE08 /* Info.plist */ = {isa = PBXFileReference; lastKnownFileType = text.plist.xml; path = Info.plist; sourceTree = "<group>"; };
		2BF2E21E2CA14F2E003EFE08 /* WebRTCDemoScreenBroadcastSetupUI.appex */ = {isa = PBXFileReference; explicitFileType = "wrapper.app-extension"; includeInIndex = 0; path = WebRTCDemoScreenBroadcastSetupUI.appex; sourceTree = BUILT_PRODUCTS_DIR; };
		2BF2E2202CA14F2E003EFE08 /* UIKit.framework */ = {isa = PBXFileReference; lastKnownFileType = wrapper.framework; name = UIKit.framework; path = System/Library/Frameworks/UIKit.framework; sourceTree = SDKROOT; };
		2BF2E2232CA14F2E003EFE08 /* BroadcastSetupViewController.swift */ = {isa = PBXFileReference; lastKnownFileType = sourcecode.swift; path = BroadcastSetupViewController.swift; sourceTree = "<group>"; };
		2BF2E2252CA14F2E003EFE08 /* Info.plist */ = {isa = PBXFileReference; lastKnownFileType = text.plist.xml; path = Info.plist; sourceTree = "<group>"; };
		2BF2E2332CA159AE003EFE08 /* WebRTCDemo.entitlements */ = {isa = PBXFileReference; lastKnownFileType = text.plist.entitlements; path = WebRTCDemo.entitlements; sourceTree = "<group>"; };
		2BF2E2342CA159ED003EFE08 /* WebRTCDemoScreenBroadcast.entitlements */ = {isa = PBXFileReference; lastKnownFileType = text.plist.entitlements; path = WebRTCDemoScreenBroadcast.entitlements; sourceTree = "<group>"; };
		38CD77A762034D2B49399C9D /* Pods_WebRTCDemo.framework */ = {isa = PBXFileReference; explicitFileType = wrapper.framework; includeInIndex = 0; path = Pods_WebRTCDemo.framework; sourceTree = BUILT_PRODUCTS_DIR; };
		6A272B9F2D2B26CDD4DC19CB /* Pods_WebRTCDemoScreenBroadcast.framework */ = {isa = PBXFileReference; explicitFileType = wrapper.framework; includeInIndex = 0; path = Pods_WebRTCDemoScreenBroadcast.framework; sourceTree = BUILT_PRODUCTS_DIR; };
		928AA20DFEBA2648C061C8FC /* Pods-WebRTCDemo.release.xcconfig */ = {isa = PBXFileReference; includeInIndex = 1; lastKnownFileType = text.xcconfig; name = "Pods-WebRTCDemo.release.xcconfig"; path = "Target Support Files/Pods-WebRTCDemo/Pods-WebRTCDemo.release.xcconfig"; sourceTree = "<group>"; };
		BD8843436D2FB83046716579 /* Pods-WebRTCDemoScreenBroadcast.debug.xcconfig */ = {isa = PBXFileReference; includeInIndex = 1; lastKnownFileType = text.xcconfig; name = "Pods-WebRTCDemoScreenBroadcast.debug.xcconfig"; path = "Target Support Files/Pods-WebRTCDemoScreenBroadcast/Pods-WebRTCDemoScreenBroadcast.debug.xcconfig"; sourceTree = "<group>"; };
		EB4C4CE6D9622011D0223E17 /* Pods-WebRTCDemoScreenBroadcast.release.xcconfig */ = {isa = PBXFileReference; includeInIndex = 1; lastKnownFileType = text.xcconfig; name = "Pods-WebRTCDemoScreenBroadcast.release.xcconfig"; path = "Target Support Files/Pods-WebRTCDemoScreenBroadcast/Pods-WebRTCDemoScreenBroadcast.release.xcconfig"; sourceTree = "<group>"; };
		F27C035422F919648ABB9E2C /* Pods-WebRTCDemo.debug.xcconfig */ = {isa = PBXFileReference; includeInIndex = 1; lastKnownFileType = text.xcconfig; name = "Pods-WebRTCDemo.debug.xcconfig"; path = "Target Support Files/Pods-WebRTCDemo/Pods-WebRTCDemo.debug.xcconfig"; sourceTree = "<group>"; };
/* End PBXFileReference section */

/* Begin PBXFrameworksBuildPhase section */
		2B7457FE2C98569C003184F2 /* Frameworks */ = {
			isa = PBXFrameworksBuildPhase;
			buildActionMask = 2147483647;
			files = (
				2BCB1DF8AFEE89786F5F8EF3 /* Pods_WebRTCDemo.framework in Frameworks */,
			);
			runOnlyForDeploymentPostprocessing = 0;
		};
		2BF2E2102CA14F2E003EFE08 /* Frameworks */ = {
			isa = PBXFrameworksBuildPhase;
			buildActionMask = 2147483647;
			files = (
				2BF2E2152CA14F2E003EFE08 /* ReplayKit.framework in Frameworks */,
				8F909062B84A554A86DBCACD /* Pods_WebRTCDemoScreenBroadcast.framework in Frameworks */,
			);
			runOnlyForDeploymentPostprocessing = 0;
		};
		2BF2E21B2CA14F2E003EFE08 /* Frameworks */ = {
			isa = PBXFrameworksBuildPhase;
			buildActionMask = 2147483647;
			files = (
				2BF2E21F2CA14F2E003EFE08 /* ReplayKit.framework in Frameworks */,
				2BF2E2212CA14F2E003EFE08 /* UIKit.framework in Frameworks */,
			);
			runOnlyForDeploymentPostprocessing = 0;
		};
/* End PBXFrameworksBuildPhase section */

/* Begin PBXGroup section */
		2B7457F82C98569C003184F2 = {
			isa = PBXGroup;
			children = (
				2B7458032C98569C003184F2 /* WebRTCDemo */,
				2BF2E2162CA14F2E003EFE08 /* WebRTCDemoScreenBroadcast */,
				2BF2E2222CA14F2E003EFE08 /* WebRTCDemoScreenBroadcastSetupUI */,
				2B7458022C98569C003184F2 /* Products */,
				3B33830A80E6FD96FE7854A7 /* Pods */,
				9BF5562F0704B3DCB2CC3574 /* Frameworks */,
			);
			sourceTree = "<group>";
		};
		2B7458022C98569C003184F2 /* Products */ = {
			isa = PBXGroup;
			children = (
				2B7458012C98569C003184F2 /* WebRTCDemo.app */,
				2BF2E2132CA14F2E003EFE08 /* WebRTCDemoScreenBroadcast.appex */,
				2BF2E21E2CA14F2E003EFE08 /* WebRTCDemoScreenBroadcastSetupUI.appex */,
			);
			name = Products;
			sourceTree = "<group>";
		};
		2B7458032C98569C003184F2 /* WebRTCDemo */ = {
			isa = PBXGroup;
			children = (
				2BF2E2332CA159AE003EFE08 /* WebRTCDemo.entitlements */,
				2BD4B3CE2F14C4350092E3C4 /* video.mp4 */,
				2B7458122C98569D003184F2 /* Info.plist */,
				2B7458042C98569C003184F2 /* AppDelegate.swift */,
				2BBD7BDF2C986915003B4801 /* CallViewController.swift */,
				2BD4B3CC2F14C00E0092E3C4 /* MessageCell.swift */,
				2B0F7E1F2C9B1FF200EC81C9 /* PeerConnectionClient.swift */,
				2BBD7BE52C986938003B4801 /* RTCCustomFrameCapturer.swift */,
				2BD4B3CA2F149B480092E3C4 /* RTCFileVideoCapturer+URL.swift */,
				2B7458062C98569C003184F2 /* SceneDelegate.swift */,
				2B7458082C98569C003184F2 /* ViewController.swift */,
				2BD4B3D22F14CCB60092E3C4 /* DarwinNotificationCenter.swift */,
				2BD4B3D42F14CCBB0092E3C4 /* WebRTCDemo-Bridging-Header.h */,
				2BD4B3D52F14CCF70092E3C4 /* FlutterBroadcastScreenCapturer.h */,
				2BD4B3D62F14CCFD0092E3C4 /* FlutterBroadcastScreenCapturer.m */,
				2BD4B3D82F14CD000092E3C4 /* FlutterSocketConnection.h */,
				2BD4B3D92F14CD030092E3C4 /* FlutterSocketConnection.m */,
				2BD4B3DB2F14CD070092E3C4 /* FlutterSocketConnectionFrameReader.h */,
				2BD4B3DC2F14CD090092E3C4 /* FlutterSocketConnectionFrameReader.m */,
				2B74580D2C98569D003184F2 /* Assets.xcassets */,
				2B74580F2C98569D003184F2 /* LaunchScreen.storyboard */,
				2B74580A2C98569C003184F2 /* Main.storyboard */,
			);
			path = WebRTCDemo;
			sourceTree = "<group>";
		};
		2BF2E2162CA14F2E003EFE08 /* WebRTCDemoScreenBroadcast */ = {
			isa = PBXGroup;
			children = (
				2BF2E2342CA159ED003EFE08 /* WebRTCDemoScreenBroadcast.entitlements */,
				2BF2E2192CA14F2E003EFE08 /* Info.plist */,
				2B6336402F13AE3600CB3CEB /* Atomic.swift */,
				2BD4B3D02F14C6E90092E3C4 /* DarwinNotificationCenter.swift */,
				2BF2E2172CA14F2E003EFE08 /* SampleHandler.swift */,
				2B6336362F13A74B00CB3CEB /* SampleUploader.swift */,
				2B6336372F13A74B00CB3CEB /* SocketConnection.swift */,
			);
			path = WebRTCDemoScreenBroadcast;
			sourceTree = "<group>";
		};
		2BF2E2222CA14F2E003EFE08 /* WebRTCDemoScreenBroadcastSetupUI */ = {
			isa = PBXGroup;
			children = (
				2BF2E2232CA14F2E003EFE08 /* BroadcastSetupViewController.swift */,
				2BF2E2252CA14F2E003EFE08 /* Info.plist */,
			);
			path = WebRTCDemoScreenBroadcastSetupUI;
			sourceTree = "<group>";
		};
		3B33830A80E6FD96FE7854A7 /* Pods */ = {
			isa = PBXGroup;
			children = (
				F27C035422F919648ABB9E2C /* Pods-WebRTCDemo.debug.xcconfig */,
				928AA20DFEBA2648C061C8FC /* Pods-WebRTCDemo.release.xcconfig */,
				BD8843436D2FB83046716579 /* Pods-WebRTCDemoScreenBroadcast.debug.xcconfig */,
				EB4C4CE6D9622011D0223E17 /* Pods-WebRTCDemoScreenBroadcast.release.xcconfig */,
			);
			path = Pods;
			sourceTree = "<group>";
		};
		9BF5562F0704B3DCB2CC3574 /* Frameworks */ = {
			isa = PBXGroup;
			children = (
				38CD77A762034D2B49399C9D /* Pods_WebRTCDemo.framework */,
				2BF2E2142CA14F2E003EFE08 /* ReplayKit.framework */,
				2BF2E2202CA14F2E003EFE08 /* UIKit.framework */,
				6A272B9F2D2B26CDD4DC19CB /* Pods_WebRTCDemoScreenBroadcast.framework */,
			);
			name = Frameworks;
			sourceTree = "<group>";
		};
/* End PBXGroup section */

/* Begin PBXNativeTarget section */
		2B7458002C98569C003184F2 /* WebRTCDemo */ = {
			isa = PBXNativeTarget;
			buildConfigurationList = 2B7458152C98569D003184F2 /* Build configuration list for PBXNativeTarget "WebRTCDemo" */;
			buildPhases = (
				DCBAB40B0D8CFB9E83195DF0 /* [CP] Check Pods Manifest.lock */,
				2B7457FD2C98569C003184F2 /* Sources */,
				2B7457FE2C98569C003184F2 /* Frameworks */,
				2B7457FF2C98569C003184F2 /* Resources */,
				303606B66B35305271E36D0D /* [CP] Embed Pods Frameworks */,
				2BF2E22C2CA14F2E003EFE08 /* Embed Foundation Extensions */,
			);
			buildRules = (
			);
			dependencies = (
				2BF2E2272CA14F2E003EFE08 /* PBXTargetDependency */,
				2BF2E22A2CA14F2E003EFE08 /* PBXTargetDependency */,
			);
			name = WebRTCDemo;
			productName = WebRTCDemo;
			productReference = 2B7458012C98569C003184F2 /* WebRTCDemo.app */;
			productType = "com.apple.product-type.application";
		};
		2BF2E2122CA14F2E003EFE08 /* WebRTCDemoScreenBroadcast */ = {
			isa = PBXNativeTarget;
			buildConfigurationList = 2BF2E2322CA14F2E003EFE08 /* Build configuration list for PBXNativeTarget "WebRTCDemoScreenBroadcast" */;
			buildPhases = (
				24840DCB3E5ABEC0781C922B /* [CP] Check Pods Manifest.lock */,
				2BF2E20F2CA14F2E003EFE08 /* Sources */,
				2BF2E2102CA14F2E003EFE08 /* Frameworks */,
				2BF2E2112CA14F2E003EFE08 /* Resources */,
			);
			buildRules = (
			);
			dependencies = (
			);
			name = WebRTCDemoScreenBroadcast;
			productName = WebRTCDemoScreenBroadcast;
			productReference = 2BF2E2132CA14F2E003EFE08 /* WebRTCDemoScreenBroadcast.appex */;
			productType = "com.apple.product-type.app-extension";
		};
		2BF2E21D2CA14F2E003EFE08 /* WebRTCDemoScreenBroadcastSetupUI */ = {
			isa = PBXNativeTarget;
			buildConfigurationList = 2BF2E2312CA14F2E003EFE08 /* Build configuration list for PBXNativeTarget "WebRTCDemoScreenBroadcastSetupUI" */;
			buildPhases = (
				2BF2E21A2CA14F2E003EFE08 /* Sources */,
				2BF2E21B2CA14F2E003EFE08 /* Frameworks */,
				2BF2E21C2CA14F2E003EFE08 /* Resources */,
			);
			buildRules = (
			);
			dependencies = (
			);
			name = WebRTCDemoScreenBroadcastSetupUI;
			productName = WebRTCDemoScreenBroadcastSetupUI;
			productReference = 2BF2E21E2CA14F2E003EFE08 /* WebRTCDemoScreenBroadcastSetupUI.appex */;
			productType = "com.apple.product-type.app-extension";
		};
/* End PBXNativeTarget section */

/* Begin PBXProject section */
		2B7457F92C98569C003184F2 /* Project object */ = {
			isa = PBXProject;
			attributes = {
				BuildIndependentTargetsInParallel = 1;
				LastSwiftUpdateCheck = 1540;
				LastUpgradeCheck = 1540;
				TargetAttributes = {
					2B7458002C98569C003184F2 = {
						CreatedOnToolsVersion = 15.4;
						LastSwiftMigration = 1610;
					};
					2BF2E2122CA14F2E003EFE08 = {
						CreatedOnToolsVersion = 15.4;
					};
					2BF2E21D2CA14F2E003EFE08 = {
						CreatedOnToolsVersion = 15.4;
					};
				};
			};
			buildConfigurationList = 2B7457FC2C98569C003184F2 /* Build configuration list for PBXProject "WebRTCDemo" */;
			compatibilityVersion = "Xcode 14.0";
			developmentRegion = en;
			hasScannedForEncodings = 0;
			knownRegions = (
				en,
				Base,
			);
			mainGroup = 2B7457F82C98569C003184F2;
			productRefGroup = 2B7458022C98569C003184F2 /* Products */;
			projectDirPath = "";
			projectRoot = "";
			targets = (
				2B7458002C98569C003184F2 /* WebRTCDemo */,
				2BF2E2122CA14F2E003EFE08 /* WebRTCDemoScreenBroadcast */,
				2BF2E21D2CA14F2E003EFE08 /* WebRTCDemoScreenBroadcastSetupUI */,
			);
		};
/* End PBXProject section */

/* Begin PBXResourcesBuildPhase section */
		2B7457FF2C98569C003184F2 /* Resources */ = {
			isa = PBXResourcesBuildPhase;
			buildActionMask = 2147483647;
			files = (
				2B74580E2C98569D003184F2 /* Assets.xcassets in Resources */,
				2B7458112C98569D003184F2 /* Base in Resources */,
				2BD4B3CF2F14C4350092E3C4 /* video.mp4 in Resources */,
				2B74580C2C98569C003184F2 /* Base in Resources */,
			);
			runOnlyForDeploymentPostprocessing = 0;
		};
		2BF2E2112CA14F2E003EFE08 /* Resources */ = {
			isa = PBXResourcesBuildPhase;
			buildActionMask = 2147483647;
			files = (
			);
			runOnlyForDeploymentPostprocessing = 0;
		};
		2BF2E21C2CA14F2E003EFE08 /* Resources */ = {
			isa = PBXResourcesBuildPhase;
			buildActionMask = 2147483647;
			files = (
			);
			runOnlyForDeploymentPostprocessing = 0;
		};
/* End PBXResourcesBuildPhase section */

/* Begin PBXShellScriptBuildPhase section */
		24840DCB3E5ABEC0781C922B /* [CP] Check Pods Manifest.lock */ = {
			isa = PBXShellScriptBuildPhase;
			buildActionMask = 2147483647;
			files = (
			);
			inputFileListPaths = (
			);
			inputPaths = (
				"${PODS_PODFILE_DIR_PATH}/Podfile.lock",
				"${PODS_ROOT}/Manifest.lock",
			);
			name = "[CP] Check Pods Manifest.lock";
			outputFileListPaths = (
			);
			outputPaths = (
				"$(DERIVED_FILE_DIR)/Pods-WebRTCDemoScreenBroadcast-checkManifestLockResult.txt",
			);
			runOnlyForDeploymentPostprocessing = 0;
			shellPath = /bin/sh;
			shellScript = "diff \"${PODS_PODFILE_DIR_PATH}/Podfile.lock\" \"${PODS_ROOT}/Manifest.lock\" > /dev/null\nif [ $? != 0 ] ; then\n    # print error to STDERR\n    echo \"error: The sandbox is not in sync with the Podfile.lock. Run 'pod install' or update your CocoaPods installation.\" >&2\n    exit 1\nfi\n# This output is used by Xcode 'outputs' to avoid re-running this script phase.\necho \"SUCCESS\" > \"${SCRIPT_OUTPUT_FILE_0}\"\n";
			showEnvVarsInLog = 0;
		};
		303606B66B35305271E36D0D /* [CP] Embed Pods Frameworks */ = {
			isa = PBXShellScriptBuildPhase;
			buildActionMask = 2147483647;
			files = (
			);
			inputFileListPaths = (
				"${PODS_ROOT}/Target Support Files/Pods-WebRTCDemo/Pods-WebRTCDemo-frameworks-${CONFIGURATION}-input-files.xcfilelist",
			);
			name = "[CP] Embed Pods Frameworks";
			outputFileListPaths = (
				"${PODS_ROOT}/Target Support Files/Pods-WebRTCDemo/Pods-WebRTCDemo-frameworks-${CONFIGURATION}-output-files.xcfilelist",
			);
			runOnlyForDeploymentPostprocessing = 0;
			shellPath = /bin/sh;
			shellScript = "\"${PODS_ROOT}/Target Support Files/Pods-WebRTCDemo/Pods-WebRTCDemo-frameworks.sh\"\n";
			showEnvVarsInLog = 0;
		};
		DCBAB40B0D8CFB9E83195DF0 /* [CP] Check Pods Manifest.lock */ = {
			isa = PBXShellScriptBuildPhase;
			buildActionMask = 2147483647;
			files = (
			);
			inputFileListPaths = (
			);
			inputPaths = (
				"${PODS_PODFILE_DIR_PATH}/Podfile.lock",
				"${PODS_ROOT}/Manifest.lock",
			);
			name = "[CP] Check Pods Manifest.lock";
			outputFileListPaths = (
			);
			outputPaths = (
				"$(DERIVED_FILE_DIR)/Pods-WebRTCDemo-checkManifestLockResult.txt",
			);
			runOnlyForDeploymentPostprocessing = 0;
			shellPath = /bin/sh;
			shellScript = "diff \"${PODS_PODFILE_DIR_PATH}/Podfile.lock\" \"${PODS_ROOT}/Manifest.lock\" > /dev/null\nif [ $? != 0 ] ; then\n    # print error to STDERR\n    echo \"error: The sandbox is not in sync with the Podfile.lock. Run 'pod install' or update your CocoaPods installation.\" >&2\n    exit 1\nfi\n# This output is used by Xcode 'outputs' to avoid re-running this script phase.\necho \"SUCCESS\" > \"${SCRIPT_OUTPUT_FILE_0}\"\n";
			showEnvVarsInLog = 0;
		};
/* End PBXShellScriptBuildPhase section */

/* Begin PBXSourcesBuildPhase section */
		2B7457FD2C98569C003184F2 /* Sources */ = {
			isa = PBXSourcesBuildPhase;
			buildActionMask = 2147483647;
			files = (
				2B0F7E202C9B1FF200EC81C9 /* PeerConnectionClient.swift in Sources */,
				2BD4B3CD2F14C00E0092E3C4 /* MessageCell.swift in Sources */,
				2B7458092C98569C003184F2 /* ViewController.swift in Sources */,
				2B7458052C98569C003184F2 /* AppDelegate.swift in Sources */,
				2BD4B3DD2F14CD090092E3C4 /* FlutterSocketConnectionFrameReader.m in Sources */,
				2BD4B3D32F14CCB60092E3C4 /* DarwinNotificationCenter.swift in Sources */,
				2BBD7BE02C986915003B4801 /* CallViewController.swift in Sources */,
				2BD4B3DA2F14CD030092E3C4 /* FlutterSocketConnection.m in Sources */,
				2BD4B3D72F14CCFD0092E3C4 /* FlutterBroadcastScreenCapturer.m in Sources */,
				2B7458072C98569C003184F2 /* SceneDelegate.swift in Sources */,
				2BBD7BE62C986938003B4801 /* RTCCustomFrameCapturer.swift in Sources */,
				2BD4B3CB2F149B480092E3C4 /* RTCFileVideoCapturer+URL.swift in Sources */,
			);
			runOnlyForDeploymentPostprocessing = 0;
		};
		2BF2E20F2CA14F2E003EFE08 /* Sources */ = {
			isa = PBXSourcesBuildPhase;
			buildActionMask = 2147483647;
			files = (
				2BD4B3D12F14C6E90092E3C4 /* DarwinNotificationCenter.swift in Sources */,
				2B6336412F13AE3600CB3CEB /* Atomic.swift in Sources */,
				2BF2E2182CA14F2E003EFE08 /* SampleHandler.swift in Sources */,
				2B6336382F13A74B00CB3CEB /* SocketConnection.swift in Sources */,
				2B6336392F13A74B00CB3CEB /* SampleUploader.swift in Sources */,
			);
			runOnlyForDeploymentPostprocessing = 0;
		};
		2BF2E21A2CA14F2E003EFE08 /* Sources */ = {
			isa = PBXSourcesBuildPhase;
			buildActionMask = 2147483647;
			files = (
				2BF2E2242CA14F2E003EFE08 /* BroadcastSetupViewController.swift in Sources */,
			);
			runOnlyForDeploymentPostprocessing = 0;
		};
/* End PBXSourcesBuildPhase section */

/* Begin PBXTargetDependency section */
		2BF2E2272CA14F2E003EFE08 /* PBXTargetDependency */ = {
			isa = PBXTargetDependency;
			target = 2BF2E21D2CA14F2E003EFE08 /* WebRTCDemoScreenBroadcastSetupUI */;
			targetProxy = 2BF2E2262CA14F2E003EFE08 /* PBXContainerItemProxy */;
		};
		2BF2E22A2CA14F2E003EFE08 /* PBXTargetDependency */ = {
			isa = PBXTargetDependency;
			target = 2BF2E2122CA14F2E003EFE08 /* WebRTCDemoScreenBroadcast */;
			targetProxy = 2BF2E2292CA14F2E003EFE08 /* PBXContainerItemProxy */;
		};
/* End PBXTargetDependency section */

/* Begin PBXVariantGroup section */
		2B74580A2C98569C003184F2 /* Main.storyboard */ = {
			isa = PBXVariantGroup;
			children = (
				2B74580B2C98569C003184F2 /* Base */,
			);
			name = Main.storyboard;
			sourceTree = "<group>";
		};
		2B74580F2C98569D003184F2 /* LaunchScreen.storyboard */ = {
			isa = PBXVariantGroup;
			children = (
				2B7458102C98569D003184F2 /* Base */,
			);
			name = LaunchScreen.storyboard;
			sourceTree = "<group>";
		};
/* End PBXVariantGroup section */

/* Begin XCBuildConfiguration section */
		2B7458132C98569D003184F2 /* Debug */ = {
			isa = XCBuildConfiguration;
			buildSettings = {
				ALWAYS_SEARCH_USER_PATHS = NO;
				ASSETCATALOG_COMPILER_GENERATE_SWIFT_ASSET_SYMBOL_EXTENSIONS = YES;
				CLANG_ANALYZER_NONNULL = YES;
				CLANG_ANALYZER_NUMBER_OBJECT_CONVERSION = YES_AGGRESSIVE;
				CLANG_CXX_LANGUAGE_STANDARD = "gnu++20";
				CLANG_ENABLE_MODULES = YES;
				CLANG_ENABLE_OBJC_ARC = YES;
				CLANG_ENABLE_OBJC_WEAK = YES;
				CLANG_WARN_BLOCK_CAPTURE_AUTORELEASING = YES;
				CLANG_WARN_BOOL_CONVERSION = YES;
				CLANG_WARN_COMMA = YES;
				CLANG_WARN_CONSTANT_CONVERSION = YES;
				CLANG_WARN_DEPRECATED_OBJC_IMPLEMENTATIONS = YES;
				CLANG_WARN_DIRECT_OBJC_ISA_USAGE = YES_ERROR;
				CLANG_WARN_DOCUMENTATION_COMMENTS = YES;
				CLANG_WARN_EMPTY_BODY = YES;
				CLANG_WARN_ENUM_CONVERSION = YES;
				CLANG_WARN_INFINITE_RECURSION = YES;
				CLANG_WARN_INT_CONVERSION = YES;
				CLANG_WARN_NON_LITERAL_NULL_CONVERSION = YES;
				CLANG_WARN_OBJC_IMPLICIT_RETAIN_SELF = YES;
				CLANG_WARN_OBJC_LITERAL_CONVERSION = YES;
				CLANG_WARN_OBJC_ROOT_CLASS = YES_ERROR;
				CLANG_WARN_QUOTED_INCLUDE_IN_FRAMEWORK_HEADER = YES;
				CLANG_WARN_RANGE_LOOP_ANALYSIS = YES;
				CLANG_WARN_STRICT_PROTOTYPES = YES;
				CLANG_WARN_SUSPICIOUS_MOVE = YES;
				CLANG_WARN_UNGUARDED_AVAILABILITY = YES_AGGRESSIVE;
				CLANG_WARN_UNREACHABLE_CODE = YES;
				CLANG_WARN__DUPLICATE_METHOD_MATCH = YES;
				COPY_PHASE_STRIP = NO;
				DEBUG_INFORMATION_FORMAT = dwarf;
				ENABLE_STRICT_OBJC_MSGSEND = YES;
				ENABLE_TESTABILITY = YES;
				ENABLE_USER_SCRIPT_SANDBOXING = YES;
				GCC_C_LANGUAGE_STANDARD = gnu17;
				GCC_DYNAMIC_NO_PIC = NO;
				GCC_NO_COMMON_BLOCKS = YES;
				GCC_OPTIMIZATION_LEVEL = 0;
				GCC_PREPROCESSOR_DEFINITIONS = (
					"DEBUG=1",
					"$(inherited)",
				);
				GCC_WARN_64_TO_32_BIT_CONVERSION = YES;
				GCC_WARN_ABOUT_RETURN_TYPE = YES_ERROR;
				GCC_WARN_UNDECLARED_SELECTOR = YES;
				GCC_WARN_UNINITIALIZED_AUTOS = YES_AGGRESSIVE;
				GCC_WARN_UNUSED_FUNCTION = YES;
				GCC_WARN_UNUSED_VARIABLE = YES;
				IPHONEOS_DEPLOYMENT_TARGET = 17.5;
				LOCALIZATION_PREFERS_STRING_CATALOGS = YES;
				MTL_ENABLE_DEBUG_INFO = INCLUDE_SOURCE;
				MTL_FAST_MATH = YES;
				ONLY_ACTIVE_ARCH = YES;
				SDKROOT = iphoneos;
				SWIFT_ACTIVE_COMPILATION_CONDITIONS = "DEBUG $(inherited)";
				SWIFT_OPTIMIZATION_LEVEL = "-Onone";
			};
			name = Debug;
		};
		2B7458142C98569D003184F2 /* Release */ = {
			isa = XCBuildConfiguration;
			buildSettings = {
				ALWAYS_SEARCH_USER_PATHS = NO;
				ASSETCATALOG_COMPILER_GENERATE_SWIFT_ASSET_SYMBOL_EXTENSIONS = YES;
				CLANG_ANALYZER_NONNULL = YES;
				CLANG_ANALYZER_NUMBER_OBJECT_CONVERSION = YES_AGGRESSIVE;
				CLANG_CXX_LANGUAGE_STANDARD = "gnu++20";
				CLANG_ENABLE_MODULES = YES;
				CLANG_ENABLE_OBJC_ARC = YES;
				CLANG_ENABLE_OBJC_WEAK = YES;
				CLANG_WARN_BLOCK_CAPTURE_AUTORELEASING = YES;
				CLANG_WARN_BOOL_CONVERSION = YES;
				CLANG_WARN_COMMA = YES;
				CLANG_WARN_CONSTANT_CONVERSION = YES;
				CLANG_WARN_DEPRECATED_OBJC_IMPLEMENTATIONS = YES;
				CLANG_WARN_DIRECT_OBJC_ISA_USAGE = YES_ERROR;
				CLANG_WARN_DOCUMENTATION_COMMENTS = YES;
				CLANG_WARN_EMPTY_BODY = YES;
				CLANG_WARN_ENUM_CONVERSION = YES;
				CLANG_WARN_INFINITE_RECURSION = YES;
				CLANG_WARN_INT_CONVERSION = YES;
				CLANG_WARN_NON_LITERAL_NULL_CONVERSION = YES;
				CLANG_WARN_OBJC_IMPLICIT_RETAIN_SELF = YES;
				CLANG_WARN_OBJC_LITERAL_CONVERSION = YES;
				CLANG_WARN_OBJC_ROOT_CLASS = YES_ERROR;
				CLANG_WARN_QUOTED_INCLUDE_IN_FRAMEWORK_HEADER = YES;
				CLANG_WARN_RANGE_LOOP_ANALYSIS = YES;
				CLANG_WARN_STRICT_PROTOTYPES = YES;
				CLANG_WARN_SUSPICIOUS_MOVE = YES;
				CLANG_WARN_UNGUARDED_AVAILABILITY = YES_AGGRESSIVE;
				CLANG_WARN_UNREACHABLE_CODE = YES;
				CLANG_WARN__DUPLICATE_METHOD_MATCH = YES;
				COPY_PHASE_STRIP = NO;
				DEBUG_INFORMATION_FORMAT = "dwarf-with-dsym";
				ENABLE_NS_ASSERTIONS = NO;
				ENABLE_STRICT_OBJC_MSGSEND = YES;
				ENABLE_USER_SCRIPT_SANDBOXING = YES;
				GCC_C_LANGUAGE_STANDARD = gnu17;
				GCC_NO_COMMON_BLOCKS = YES;
				GCC_WARN_64_TO_32_BIT_CONVERSION = YES;
				GCC_WARN_ABOUT_RETURN_TYPE = YES_ERROR;
				GCC_WARN_UNDECLARED_SELECTOR = YES;
				GCC_WARN_UNINITIALIZED_AUTOS = YES_AGGRESSIVE;
				GCC_WARN_UNUSED_FUNCTION = YES;
				GCC_WARN_UNUSED_VARIABLE = YES;
				IPHONEOS_DEPLOYMENT_TARGET = 17.5;
				LOCALIZATION_PREFERS_STRING_CATALOGS = YES;
				MTL_ENABLE_DEBUG_INFO = NO;
				MTL_FAST_MATH = YES;
				SDKROOT = iphoneos;
				SWIFT_COMPILATION_MODE = wholemodule;
				VALIDATE_PRODUCT = YES;
			};
			name = Release;
		};
		2B7458162C98569D003184F2 /* Debug */ = {
			isa = XCBuildConfiguration;
			baseConfigurationReference = F27C035422F919648ABB9E2C /* Pods-WebRTCDemo.debug.xcconfig */;
			buildSettings = {
				ALWAYS_EMBED_SWIFT_STANDARD_LIBRARIES = YES;
				ASSETCATALOG_COMPILER_APPICON_NAME = AppIcon;
				ASSETCATALOG_COMPILER_GLOBAL_ACCENT_COLOR_NAME = AccentColor;
				CLANG_ENABLE_MODULES = YES;
				CODE_SIGN_ENTITLEMENTS = WebRTCDemo/WebRTCDemo.entitlements;
				CODE_SIGN_STYLE = Automatic;
				CURRENT_PROJECT_VERSION = 1;
				DEVELOPMENT_TEAM = C9FU286T96;
				ENABLE_USER_SCRIPT_SANDBOXING = NO;
				GENERATE_INFOPLIST_FILE = YES;
				INFOPLIST_FILE = WebRTCDemo/Info.plist;
				INFOPLIST_KEY_NSCameraUsageDescription = "Need access to camera";
				INFOPLIST_KEY_NSMicrophoneUsageDescription = "Need microphone access";
				INFOPLIST_KEY_UIApplicationSupportsIndirectInputEvents = YES;
				INFOPLIST_KEY_UILaunchStoryboardName = LaunchScreen;
				INFOPLIST_KEY_UIMainStoryboardFile = Main;
				INFOPLIST_KEY_UISupportedInterfaceOrientations_iPad = "UIInterfaceOrientationPortrait UIInterfaceOrientationPortraitUpsideDown UIInterfaceOrientationLandscapeLeft UIInterfaceOrientationLandscapeRight";
				INFOPLIST_KEY_UISupportedInterfaceOrientations_iPhone = "UIInterfaceOrientationPortrait UIInterfaceOrientationLandscapeLeft UIInterfaceOrientationLandscapeRight";
				IPHONEOS_DEPLOYMENT_TARGET = 17.6;
				LD_RUNPATH_SEARCH_PATHS = (
					"$(inherited)",
					"@executable_path/Frameworks",
				);
				MARKETING_VERSION = 1.0;
				PRODUCT_BUNDLE_IDENTIFIER = com.ducmai.example.WebRTCDemo;
				PRODUCT_NAME = "$(TARGET_NAME)";
				SWIFT_EMIT_LOC_STRINGS = YES;
				SWIFT_OBJC_BRIDGING_HEADER = "WebRTCDemo/WebRTCDemo-Bridging-Header.h";
				SWIFT_OPTIMIZATION_LEVEL = "-Onone";
				SWIFT_VERSION = 5.0;
				TARGETED_DEVICE_FAMILY = "1,2";
			};
			name = Debug;
		};
		2B7458172C98569D003184F2 /* Release */ = {
			isa = XCBuildConfiguration;
			baseConfigurationReference = 928AA20DFEBA2648C061C8FC /* Pods-WebRTCDemo.release.xcconfig */;
			buildSettings = {
				ALWAYS_EMBED_SWIFT_STANDARD_LIBRARIES = YES;
				ASSETCATALOG_COMPILER_APPICON_NAME = AppIcon;
				ASSETCATALOG_COMPILER_GLOBAL_ACCENT_COLOR_NAME = AccentColor;
				CLANG_ENABLE_MODULES = YES;
				CODE_SIGN_ENTITLEMENTS = WebRTCDemo/WebRTCDemo.entitlements;
				CODE_SIGN_STYLE = Automatic;
				CURRENT_PROJECT_VERSION = 1;
				DEVELOPMENT_TEAM = C9FU286T96;
				ENABLE_USER_SCRIPT_SANDBOXING = NO;
				GENERATE_INFOPLIST_FILE = YES;
				INFOPLIST_FILE = WebRTCDemo/Info.plist;
				INFOPLIST_KEY_NSCameraUsageDescription = "Need access to camera";
				INFOPLIST_KEY_NSMicrophoneUsageDescription = "Need microphone access";
				INFOPLIST_KEY_UIApplicationSupportsIndirectInputEvents = YES;
				INFOPLIST_KEY_UILaunchStoryboardName = LaunchScreen;
				INFOPLIST_KEY_UIMainStoryboardFile = Main;
				INFOPLIST_KEY_UISupportedInterfaceOrientations_iPad = "UIInterfaceOrientationPortrait UIInterfaceOrientationPortraitUpsideDown UIInterfaceOrientationLandscapeLeft UIInterfaceOrientationLandscapeRight";
				INFOPLIST_KEY_UISupportedInterfaceOrientations_iPhone = "UIInterfaceOrientationPortrait UIInterfaceOrientationLandscapeLeft UIInterfaceOrientationLandscapeRight";
				IPHONEOS_DEPLOYMENT_TARGET = 17.6;
				LD_RUNPATH_SEARCH_PATHS = (
					"$(inherited)",
					"@executable_path/Frameworks",
				);
				MARKETING_VERSION = 1.0;
				PRODUCT_BUNDLE_IDENTIFIER = com.ducmai.example.WebRTCDemo;
				PRODUCT_NAME = "$(TARGET_NAME)";
				SWIFT_EMIT_LOC_STRINGS = YES;
				SWIFT_OBJC_BRIDGING_HEADER = "WebRTCDemo/WebRTCDemo-Bridging-Header.h";
				SWIFT_VERSION = 5.0;
				TARGETED_DEVICE_FAMILY = "1,2";
			};
			name = Release;
		};
		2BF2E22D2CA14F2E003EFE08 /* Debug */ = {
			isa = XCBuildConfiguration;
			baseConfigurationReference = BD8843436D2FB83046716579 /* Pods-WebRTCDemoScreenBroadcast.debug.xcconfig */;
			buildSettings = {
				CODE_SIGN_ENTITLEMENTS = WebRTCDemoScreenBroadcast/WebRTCDemoScreenBroadcast.entitlements;
				CODE_SIGN_STYLE = Automatic;
				CURRENT_PROJECT_VERSION = 1;
				DEVELOPMENT_TEAM = C9FU286T96;
				GENERATE_INFOPLIST_FILE = YES;
				INFOPLIST_FILE = WebRTCDemoScreenBroadcast/Info.plist;
				INFOPLIST_KEY_CFBundleDisplayName = WebRTCDemoScreenBroadcast;
				INFOPLIST_KEY_NSHumanReadableCopyright = "";
				IPHONEOS_DEPLOYMENT_TARGET = 17.6;
				LD_RUNPATH_SEARCH_PATHS = (
					"$(inherited)",
					"@executable_path/Frameworks",
					"@executable_path/../../Frameworks",
				);
				MARKETING_VERSION = 1.0;
				PRODUCT_BUNDLE_IDENTIFIER = com.ducmai.example.WebRTCDemo.WebRTCDemoScreenBroadcast;
				PRODUCT_NAME = "$(TARGET_NAME)";
				SKIP_INSTALL = YES;
				SWIFT_EMIT_LOC_STRINGS = YES;
				SWIFT_VERSION = 5.0;
				TARGETED_DEVICE_FAMILY = "1,2";
			};
			name = Debug;
		};
		2BF2E22E2CA14F2E003EFE08 /* Release */ = {
			isa = XCBuildConfiguration;
			baseConfigurationReference = EB4C4CE6D9622011D0223E17 /* Pods-WebRTCDemoScreenBroadcast.release.xcconfig */;
			buildSettings = {
				CODE_SIGN_ENTITLEMENTS = WebRTCDemoScreenBroadcast/WebRTCDemoScreenBroadcast.entitlements;
				CODE_SIGN_STYLE = Automatic;
				CURRENT_PROJECT_VERSION = 1;
				DEVELOPMENT_TEAM = C9FU286T96;
				GENERATE_INFOPLIST_FILE = YES;
				INFOPLIST_FILE = WebRTCDemoScreenBroadcast/Info.plist;
				INFOPLIST_KEY_CFBundleDisplayName = WebRTCDemoScreenBroadcast;
				INFOPLIST_KEY_NSHumanReadableCopyright = "";
				IPHONEOS_DEPLOYMENT_TARGET = 17.6;
				LD_RUNPATH_SEARCH_PATHS = (
					"$(inherited)",
					"@executable_path/Frameworks",
					"@executable_path/../../Frameworks",
				);
				MARKETING_VERSION = 1.0;
				PRODUCT_BUNDLE_IDENTIFIER = com.ducmai.example.WebRTCDemo.WebRTCDemoScreenBroadcast;
				PRODUCT_NAME = "$(TARGET_NAME)";
				SKIP_INSTALL = YES;
				SWIFT_EMIT_LOC_STRINGS = YES;
				SWIFT_VERSION = 5.0;
				TARGETED_DEVICE_FAMILY = "1,2";
			};
			name = Release;
		};
		2BF2E22F2CA14F2E003EFE08 /* Debug */ = {
			isa = XCBuildConfiguration;
			buildSettings = {
				CODE_SIGN_STYLE = Automatic;
				CURRENT_PROJECT_VERSION = 1;
				DEVELOPMENT_TEAM = C9FU286T96;
				GENERATE_INFOPLIST_FILE = YES;
				INFOPLIST_FILE = WebRTCDemoScreenBroadcastSetupUI/Info.plist;
				INFOPLIST_KEY_CFBundleDisplayName = WebRTCDemoScreenBroadcastSetupUI;
				INFOPLIST_KEY_NSHumanReadableCopyright = "";
				LD_RUNPATH_SEARCH_PATHS = (
					"$(inherited)",
					"@executable_path/Frameworks",
					"@executable_path/../../Frameworks",
				);
				MARKETING_VERSION = 1.0;
				PRODUCT_BUNDLE_IDENTIFIER = com.ducmai.example.WebRTCDemo.WebRTCDemoScreenBroadcastSetupUI;
				PRODUCT_NAME = "$(TARGET_NAME)";
				SKIP_INSTALL = YES;
				SWIFT_EMIT_LOC_STRINGS = YES;
				SWIFT_VERSION = 5.0;
				TARGETED_DEVICE_FAMILY = "1,2";
			};
			name = Debug;
		};
		2BF2E2302CA14F2E003EFE08 /* Release */ = {
			isa = XCBuildConfiguration;
			buildSettings = {
				CODE_SIGN_STYLE = Automatic;
				CURRENT_PROJECT_VERSION = 1;
				DEVELOPMENT_TEAM = C9FU286T96;
				GENERATE_INFOPLIST_FILE = YES;
				INFOPLIST_FILE = WebRTCDemoScreenBroadcastSetupUI/Info.plist;
				INFOPLIST_KEY_CFBundleDisplayName = WebRTCDemoScreenBroadcastSetupUI;
				INFOPLIST_KEY_NSHumanReadableCopyright = "";
				LD_RUNPATH_SEARCH_PATHS = (
					"$(inherited)",
					"@executable_path/Frameworks",
					"@executable_path/../../Frameworks",
				);
				MARKETING_VERSION = 1.0;
				PRODUCT_BUNDLE_IDENTIFIER = com.ducmai.example.WebRTCDemo.WebRTCDemoScreenBroadcastSetupUI;
				PRODUCT_NAME = "$(TARGET_NAME)";
				SKIP_INSTALL = YES;
				SWIFT_EMIT_LOC_STRINGS = YES;
				SWIFT_VERSION = 5.0;
				TARGETED_DEVICE_FAMILY = "1,2";
			};
			name = Release;
		};
/* End XCBuildConfiguration section */

/* Begin XCConfigurationList section */
		2B7457FC2C98569C003184F2 /* Build configuration list for PBXProject "WebRTCDemo" */ = {
			isa = XCConfigurationList;
			buildConfigurations = (
				2B7458132C98569D003184F2 /* Debug */,
				2B7458142C98569D003184F2 /* Release */,
			);
			defaultConfigurationIsVisible = 0;
			defaultConfigurationName = Release;
		};
		2B7458152C98569D003184F2 /* Build configuration list for PBXNativeTarget "WebRTCDemo" */ = {
			isa = XCConfigurationList;
			buildConfigurations = (
				2B7458162C98569D003184F2 /* Debug */,
				2B7458172C98569D003184F2 /* Release */,
			);
			defaultConfigurationIsVisible = 0;
			defaultConfigurationName = Release;
		};
		2BF2E2312CA14F2E003EFE08 /* Build configuration list for PBXNativeTarget "WebRTCDemoScreenBroadcastSetupUI" */ = {
			isa = XCConfigurationList;
			buildConfigurations = (
				2BF2E22F2CA14F2E003EFE08 /* Debug */,
				2BF2E2302CA14F2E003EFE08 /* Release */,
			);
			defaultConfigurationIsVisible = 0;
			defaultConfigurationName = Release;
		};
		2BF2E2322CA14F2E003EFE08 /* Build configuration list for PBXNativeTarget "WebRTCDemoScreenBroadcast" */ = {
			isa = XCConfigurationList;
			buildConfigurations = (
				2BF2E22D2CA14F2E003EFE08 /* Debug */,
				2BF2E22E2CA14F2E003EFE08 /* Release */,
			);
			defaultConfigurationIsVisible = 0;
			defaultConfigurationName = Release;
		};
/* End XCConfigurationList section */
	};
	rootObject = 2B7457F92C98569C003184F2 /* Project object */;
}
