// !$*UTF8*$!
{
	archiveVersion = 1;
	classes = {
	};
	objectVersion = 60;
	objects = {

/* Begin PBXBuildFile section */
		2B0F7E202C9B1FF200EC81C9 /* PeerConnectionClient.swift in Sources */ = {isa = PBXBuildFile; fileRef = 2B0F7E1F2C9B1FF200EC81C9 /* PeerConnectionClient.swift */; };
		2B6336382F13A74B00CB3CEB /* SocketConnection.swift in Sources */ = {isa = PBXBuildFile; fileRef = 2B6336372F13A74B00CB3CEB /* SocketConnection.swift */; };
		2B6336392F13A74B00CB3CEB /* SampleUploader.swift in Sources */ = {isa = PBXBuildFile; fileRef = 2B6336362F13A74B00CB3CEB /* SampleUploader.swift */; };
		2B6336412F13AE3600CB3CEB /* Atomic.swift in Sources */ = {isa = PBXBuildFile; fileRef = 2B6336402F13AE3600CB3CEB /* Atomic.swift */; };
		2B74580E2C98569D003184F2 /* Assets.xcassets in Resources */ = {isa = PBXBuildFile; fileRef = 2B74580D2C98569D003184F2 /* Assets.xcassets */; };
		2B7458112C98569D003184F2 /* Base in Resources */ = {isa = PBXBuildFile; fileRef = 2B7458102C98569D003184F2 /* Base */; };
		2BBD7BE62C986938003B4801 /* RTCCustomFrameCapturer.swift in Sources */ = {isa = PBXBuildFile; fileRef = 2BBD7BE52C986938003B4801 /* RTCCustomFrameCapturer.swift */; };
		2BD4B3CB2F149B480092E3C4 /* RTCFileVideoCapturer+URL.swift in Sources */ = {isa = PBXBuildFile; fileRef = 2BD4B3CA2F149B480092E3C4 /* RTCFileVideoCapturer+URL.swift */; };
		2BD4B3CF2F14C4350092E3C4 /* video.mp4 in Resources */ = {isa = PBXBuildFile; fileRef = 2BD4B3CE2F14C4350092E3C4 /* video.mp4 */; };
		2BD4B3D12F14C6E90092E3C4 /* DarwinNotificationCenter.swift in Sources */ = {isa = PBXBuildFile; fileRef = 2BD4B3D02F14C6E90092E3C4 /* DarwinNotificationCenter.swift */; };
		2BD4B3D32F14CCB60092E3C4 /* DarwinNotificationCenter.swift in Sources */ = {isa = PBXBuildFile; fileRef = 2BD4B3D22F14CCB60092E3C4 /* DarwinNotificationCenter.swift */; };
		2BD4B3D72F14CCFD0092E3C4 /* FlutterBroadcastScreenCapturer.m in Sources */ = {isa = PBXBuildFile; fileRef = 2BD4B3D62F14CCFD0092E3C4 /* FlutterBroadcastScreenCapturer.m */; };
		2BD4B3DA2F14CD030092E3C4 /* FlutterSocketConnection.m in Sources */ = {isa = PBXBuildFile; fileRef = 2BD4B3D92F14CD030092E3C4 /* FlutterSocketConnection.m */; };
		2BD4B3DD2F14CD090092E3C4 /* FlutterSocketConnectionFrameReader.m in Sources */ = {isa = PBXBuildFile; fileRef = 2BD4B3DC2F14CD090092E3C4 /* FlutterSocketConnectionFrameReader.m */; };
		2BF2E2152CA14F2E003EFE08 /* ReplayKit.framework in Frameworks */ = {isa = PBXBuildFile; fileRef = 2BF2E2142CA14F2E003EFE08 /* ReplayKit.framework */; };
		2BF2E2182CA14F2E003EFE08 /* SampleHandler.swift in Sources */ = {isa = PBXBuildFile; fileRef = 2BF2E2172CA14F2E003EFE08 /* SampleHandler.swift */; };
		2BF2E21F2CA14F2E003EFE08 /* ReplayKit.framework in Frameworks */ = {isa = PBXBuildFile; fileRef = 2BF2E2142CA14F2E003EFE08 /* ReplayKit.framework */; };
		2BF2E2212CA14F2E003EFE08 /* UIKit.framework in Frameworks */ = {isa = PBXBuildFile; fileRef = 2BF2E2202CA14F2E003EFE08 /* UIKit.framework */; };
		2BF2E2242CA14F2E003EFE08 /* BroadcastSetupViewController.swift in Sources */ = {isa = PBXBuildFile; fileRef = 2BF2E2232CA14F2E003EFE08 /* BroadcastSetupViewController.swift */; };
		2BF2E2282CA14F2E003EFE08 /* WebRTCDemoScreenBroadcastSetupUI.appex in Embed Foundation Extensions */ = {isa = PBXBuildFile; fileRef = 2BF2E21E2CA14F2E003EFE08 /* WebRTCDemoScreenBroadcastSetupUI.appex */; settings = {ATTRIBUTES = (RemoveHeadersOnCopy, ); }; };
		2BF2E22B2CA14F2E003EFE08 /* WebRTCDemoScreenBroadcast.appex in Embed Foundation Extensions */ = {isa = PBXBuildFile; fileRef = 2BF2E2132CA14F2E003EFE08 /* WebRTCDemoScreenBroadcast.appex */; settings = {ATTRIBUTES = (RemoveHeadersOnCopy, ); }; };
		2BA1E0022F20A00100E2EE01 /* EffectsProcessor.swift in Sources */ = {isa = PBXBuildFile; fileRef = 2BA1E0012F20A00100E2EE01 /* EffectsProcessor.swift */; };
		2BC0A1012F30B00200E2EE01 /* WebRTCDemoApp.swift in Sources */ = {isa = PBXBuildFile; fileRef = 2BC0A1012F30B00100E2EE01 /* WebRTCDemoApp.swift */; };
		2BC0A1022F30B00200E2EE01 /* LobbyView.swift in Sources */ = {isa = PBXBuildFile; fileRef = 2BC0A1022F30B00100E2EE01 /* LobbyView.swift */; };
		2BC0A1032F30B00200E2EE01 /* CallView.swift in Sources */ = {isa = PBXBuildFile; fileRef = 2BC0A1032F30B00100E2EE01 /* CallView.swift */; };
		2BC0A1042F30B00200E2EE01 /* CallControls.swift in Sources */ = {isa = PBXBuildFile; fileRef = 2BC0A1042F30B00100E2EE01 /* CallControls.swift */; };
		2BC0A1052F30B00200E2EE01 /* ChatView.swift in Sources */ = {isa = PBXBuildFile; fileRef = 2BC0A1052F30B00100E2EE01 /* ChatView.swift */; };
		2BC0A1062F30B00200E2EE01 /* CallViewModel.swift in Sources */ = {isa = PBXBuildFile; fileRef = 2BC0A1062F30B00100E2EE01 /* CallViewModel.swift */; };
		2BC0A1072F30B00200E2EE01 /* VideoView.swift in Sources */ = {isa = PBXBuildFile; fileRef = 2BC0A1072F30B00100E2EE01 /* VideoView.swift */; };
		2BC0A1082F30B00200E2EE01 /* PeerPlaceholderView.swift in Sources */ = {isa = PBXBuildFile; fileRef = 2BC0A1082F30B00100E2EE01 /* PeerPlaceholderView.swift */; };
		2BC0A1092F30B00200E2EE01 /* PictureInPicture.swift in Sources */ = {isa = PBXBuildFile; fileRef = 2BC0A1092F30B00100E2EE01 /* PictureInPicture.swift */; };
		2BC0A10A2F30B00200E2EE01 /* SignalingServer.swift in Sources */ = {isa = PBXBuildFile; fileRef = 2BC0A10A2F30B00100E2EE01 /* SignalingServer.swift */; };
		2BE200012F40C00100E2EE01 /* CallOverlays.swift in Sources */ = {isa = PBXBuildFile; fileRef = 2BE100012F40C00100E2EE01 /* CallOverlays.swift */; };
		2BE200022F40C00100E2EE01 /* CallOverlays.swift in Sources */ = {isa = PBXBuildFile; fileRef = 2BE100012F40C00100E2EE01 /* CallOverlays.swift */; };
		2BE200102F40C00100E2EE01 /* CallViewModel.swift in Sources */ = {isa = PBXBuildFile; fileRef = 2BC0A1062F30B00100E2EE01 /* CallViewModel.swift */; };
		2BE200112F40C00100E2EE01 /* PeerConnectionClient.swift in Sources */ = {isa = PBXBuildFile; fileRef = 2B0F7E1F2C9B1FF200EC81C9 /* PeerConnectionClient.swift */; };
		2BE200122F40C00100E2EE01 /* SignalingServer.swift in Sources */ = {isa = PBXBuildFile; fileRef = 2BC0A10A2F30B00100E2EE01 /* SignalingServer.swift */; };
		2BE200132F40C00100E2EE01 /* ChatView.swift in Sources */ = {isa = PBXBuildFile; fileRef = 2BC0A1052F30B00100E2EE01 /* ChatView.swift */; };
		2BE200142F40C00100E2EE01 /* LobbyView.swift in Sources */ = {isa = PBXBuildFile; fileRef = 2BC0A1022F30B00100E2EE01 /* LobbyView.swift */; };
		2BE200152F40C00100E2EE01 /* CallControls.swift in Sources */ = {isa = PBXBuildFile; fileRef = 2BC0A1042F30B00100E2EE01 /* CallControls.swift */; };
		2BE200162F40C00100E2EE01 /* PeerPlaceholderView.swift in Sources */ = {isa = PBXBuildFile; fileRef = 2BC0A1082F30B00100E2EE01 /* PeerPlaceholderView.swift */; };
		2BE200172F40C00100E2EE01 /* VideoView.swift in Sources */ = {isa = PBXBuildFile; fileRef = 2BC0A1072F30B00100E2EE01 /* VideoView.swift */; };
		2BE200182F40C00100E2EE01 /* EffectsProcessor.swift in Sources */ = {isa = PBXBuildFile; fileRef = 2BA1E0012F20A00100E2EE01 /* EffectsProcessor.swift */; };
		2BE200202F40C00100E2EE01 /* WebRTCDemoMacApp.swift in Sources */ = {isa = PBXBuildFile; fileRef = 2BE100022F40C00100E2EE01 /* WebRTCDemoMacApp.swift */; };
		2BE200212F40C00100E2EE01 /* MacCallView.swift in Sources */ = {isa = PBXBuildFile; fileRef = 2BE100032F40C00100E2EE01 /* MacCallView.swift */; };
		2BE200222F40C00100E2EE01 /* MacCallToolbar.swift in Sources */ = {isa = PBXBuildFile; fileRef = 2BE100042F40C00100E2EE01 /* MacCallToolbar.swift */; };
		2BE200232F40C00100E2EE01 /* ScreenShareCapturer.swift in Sources */ = {isa = PBXBuildFile; fileRef = 2BE100052F40C00100E2EE01 /* ScreenShareCapturer.swift */; };
		2BE200242F40C00100E2EE01 /* ScreenSharePicker.swift in Sources */ = {isa = PBXBuildFile; fileRef = 2BE100062F40C00100E2EE01 /* ScreenSharePicker.swift */; };
		2BE200252F40C00100E2EE01 /* FileVideoCapturer.swift in Sources */ = {isa = PBXBuildFile; fileRef = 2BE100072F40C00100E2EE01 /* FileVideoCapturer.swift */; };
		2BE200262F40C00100E2EE01 /* FloatingCallWindow.swift in Sources */ = {isa = PBXBuildFile; fileRef = 2BE100082F40C00100E2EE01 /* FloatingCallWindow.swift */; };
		2BE200272F40C00100E2EE01 /* MacSettingsView.swift in Sources */ = {isa = PBXBuildFile; fileRef = 2BE100092F40C00100E2EE01 /* MacSettingsView.swift */; };
		2BE200282F40C00100E2EE01 /* CallCommands.swift in Sources */ = {isa = PBXBuildFile; fileRef = 2BE1000A2F40C00100E2EE01 /* CallCommands.swift */; };
		2BE200292F40C00100E2EE01 /* MacSupport.swift in Sources */ = {isa = PBXBuildFile; fileRef = 2BE1000B2F40C00100E2EE01 /* MacSupport.swift */; };
		2BE200602F40C00100E2EE01 /* MacGroupStage.swift in Sources */ = {isa = PBXBuildFile; fileRef = 2BE100602F40C00100E2EE01 /* MacGroupStage.swift */; };
		2BE200302F40C00100E2EE01 /* Assets.xcassets in Resources */ = {isa = PBXBuildFile; fileRef = 2B74580D2C98569D003184F2 /* Assets.xcassets */; };
		2BE200312F40C00100E2EE01 /* Assets.xcassets in Resources */ = {isa = PBXBuildFile; fileRef = 2BE1000E2F40C00100E2EE01 /* Assets.xcassets */; };
		2BE200402F40C00100E2EE01 /* WebRTC in Frameworks */ = {isa = PBXBuildFile; productRef = 2BE300202F40C00100E2EE01 /* WebRTC */; };
		2BE200422F40C00100E2EE01 /* WebRTC in Frameworks */ = {isa = PBXBuildFile; productRef = 2BE300222F40C00100E2EE01 /* WebRTC */; };
		2BE200192F40C00100E2EE01 /* RTCCustomFrameCapturer.swift in Sources */ = {isa = PBXBuildFile; fileRef = 2BBD7BE52C986938003B4801 /* RTCCustomFrameCapturer.swift */; };
		2BC0A10B2F30B00200E2EE01 /* EffectsCatalog.swift in Sources */ = {isa = PBXBuildFile; fileRef = 2BC0A10B2F30B00100E2EE01 /* EffectsCatalog.swift */; };
		2BC0A10C2F30B00200E2EE01 /* EffectsSheet.swift in Sources */ = {isa = PBXBuildFile; fileRef = 2BC0A10C2F30B00100E2EE01 /* EffectsSheet.swift */; };
		2BC0A10D2F30B00200E2EE01 /* effects in Resources */ = {isa = PBXBuildFile; fileRef = 2BC0A10D2F30B00100E2EE01 /* effects */; };
		2BE2001A2F40C00100E2EE01 /* EffectsCatalog.swift in Sources */ = {isa = PBXBuildFile; fileRef = 2BC0A10B2F30B00100E2EE01 /* EffectsCatalog.swift */; };
		2BE2001B2F40C00100E2EE01 /* EffectsSheet.swift in Sources */ = {isa = PBXBuildFile; fileRef = 2BC0A10C2F30B00100E2EE01 /* EffectsSheet.swift */; };
		2BE200322F40C00100E2EE01 /* effects in Resources */ = {isa = PBXBuildFile; fileRef = 2BC0A10D2F30B00100E2EE01 /* effects */; };
		2BC0A1102F30B00200E2EE01 /* LocalMedia.swift in Sources */ = {isa = PBXBuildFile; fileRef = 2BC0A1102F30B00100E2EE01 /* LocalMedia.swift */; };
		2BC0A1112F30B00200E2EE01 /* FrameEncryption.swift in Sources */ = {isa = PBXBuildFile; fileRef = 2BC0A1112F30B00100E2EE01 /* FrameEncryption.swift */; };
		2BC0A1122F30B00200E2EE01 /* GroupCallClient.swift in Sources */ = {isa = PBXBuildFile; fileRef = 2BC0A1122F30B00100E2EE01 /* GroupCallClient.swift */; };
		2BC0A1132F30B00200E2EE01 /* GroupCallView.swift in Sources */ = {isa = PBXBuildFile; fileRef = 2BC0A1132F30B00100E2EE01 /* GroupCallView.swift */; };
		2BC0A1142F30B00200E2EE01 /* SFUServer.swift in Sources */ = {isa = PBXBuildFile; fileRef = 2BC0A1142F30B00100E2EE01 /* SFUServer.swift */; };
		2BC0A1152F30B00200E2EE01 /* SignalingSocket.swift in Sources */ = {isa = PBXBuildFile; fileRef = 2BC0A1152F30B00100E2EE01 /* SignalingSocket.swift */; };
		2BE200502F40C00100E2EE01 /* LocalMedia.swift in Sources */ = {isa = PBXBuildFile; fileRef = 2BC0A1102F30B00100E2EE01 /* LocalMedia.swift */; };
		2BE200512F40C00100E2EE01 /* FrameEncryption.swift in Sources */ = {isa = PBXBuildFile; fileRef = 2BC0A1112F30B00100E2EE01 /* FrameEncryption.swift */; };
		2BE200522F40C00100E2EE01 /* GroupCallClient.swift in Sources */ = {isa = PBXBuildFile; fileRef = 2BC0A1122F30B00100E2EE01 /* GroupCallClient.swift */; };
		2BE200532F40C00100E2EE01 /* SFUServer.swift in Sources */ = {isa = PBXBuildFile; fileRef = 2BC0A1142F30B00100E2EE01 /* SFUServer.swift */; };
		2BE200542F40C00100E2EE01 /* SignalingSocket.swift in Sources */ = {isa = PBXBuildFile; fileRef = 2BC0A1152F30B00100E2EE01 /* SignalingSocket.swift */; };
/* End PBXBuildFile section */

/* Begin PBXContainerItemProxy section */
		2BF2E2262CA14F2E003EFE08 /* PBXContainerItemProxy */ = {
			isa = PBXContainerItemProxy;
			containerPortal = 2B7457F92C98569C003184F2 /* Project object */;
			proxyType = 1;
			remoteGlobalIDString = 2BF2E21D2CA14F2E003EFE08;
			remoteInfo = WebRTCDemoScreenBroadcastSetupUI;
		};
		2BF2E2292CA14F2E003EFE08 /* PBXContainerItemProxy */ = {
			isa = PBXContainerItemProxy;
			containerPortal = 2B7457F92C98569C003184F2 /* Project object */;
			proxyType = 1;
			remoteGlobalIDString = 2BF2E2122CA14F2E003EFE08;
			remoteInfo = WebRTCDemoScreenBroadcast;
		};
/* End PBXContainerItemProxy section */

/* Begin PBXCopyFilesBuildPhase section */
		2BF2E22C2CA14F2E003EFE08 /* Embed Foundation Extensions */ = {
			isa = PBXCopyFilesBuildPhase;
			buildActionMask = 2147483647;
			dstPath = "";
			dstSubfolderSpec = 13;
			files = (
				2BF2E22B2CA14F2E003EFE08 /* WebRTCDemoScreenBroadcast.appex in Embed Foundation Extensions */,
				2BF2E2282CA14F2E003EFE08 /* WebRTCDemoScreenBroadcastSetupUI.appex in Embed Foundation Extensions */,
			);
			name = "Embed Foundation Extensions";
			runOnlyForDeploymentPostprocessing = 0;
		};
/* End PBXCopyFilesBuildPhase section */

/* Begin PBXFileReference section */
		2B0F7E1F2C9B1FF200EC81C9 /* PeerConnectionClient.swift */ = {isa = PBXFileReference; lastKnownFileType = sourcecode.swift; path = PeerConnectionClient.swift; sourceTree = "<group>"; };
		2B6336362F13A74B00CB3CEB /* SampleUploader.swift */ = {isa = PBXFileReference; lastKnownFileType = sourcecode.swift; path = SampleUploader.swift; sourceTree = "<group>"; };
		2B6336372F13A74B00CB3CEB /* SocketConnection.swift */ = {isa = PBXFileReference; lastKnownFileType = sourcecode.swift; path = SocketConnection.swift; sourceTree = "<group>"; };
		2B6336402F13AE3600CB3CEB /* Atomic.swift */ = {isa = PBXFileReference; lastKnownFileType = sourcecode.swift; path = Atomic.swift; sourceTree = "<group>"; };
		2B7458012C98569C003184F2 /* WebRTCDemo.app */ = {isa = PBXFileReference; explicitFileType = wrapper.application; includeInIndex = 0; path = WebRTCDemo.app; sourceTree = BUILT_PRODUCTS_DIR; };
		2B74580D2C98569D003184F2 /* Assets.xcassets */ = {isa = PBXFileReference; lastKnownFileType = folder.assetcatalog; path = Assets.xcassets; sourceTree = "<group>"; };
		2B7458102C98569D003184F2 /* Base */ = {isa = PBXFileReference; lastKnownFileType = file.storyboard; name = Base; path = Base.lproj/LaunchScreen.storyboard; sourceTree = "<group>"; };
		2B7458122C98569D003184F2 /* Info.plist */ = {isa = PBXFileReference; lastKnownFileType = text.plist.xml; path = Info.plist; sourceTree = "<group>"; };
		2BBD7BE52C986938003B4801 /* RTCCustomFrameCapturer.swift */ = {isa = PBXFileReference; lastKnownFileType = sourcecode.swift; path = RTCCustomFrameCapturer.swift; sourceTree = "<group>"; };
		2BD4B3CA2F149B480092E3C4 /* RTCFileVideoCapturer+URL.swift */ = {isa = PBXFileReference; lastKnownFileType = sourcecode.swift; path = "RTCFileVideoCapturer+URL.swift"; sourceTree = "<group>"; };
		2BD4B3CE2F14C4350092E3C4 /* video.mp4 */ = {isa = PBXFileReference; lastKnownFileType = file; path = video.mp4; sourceTree = "<group>"; };
		2BD4B3D02F14C6E90092E3C4 /* DarwinNotificationCenter.swift */ = {isa = PBXFileReference; lastKnownFileType = sourcecode.swift; path = DarwinNotificationCenter.swift; sourceTree = "<group>"; };
		2BD4B3D22F14CCB60092E3C4 /* DarwinNotificationCenter.swift */ = {isa = PBXFileReference; lastKnownFileType = sourcecode.swift; path = DarwinNotificationCenter.swift; sourceTree = "<group>"; };
		2BD4B3D42F14CCBB0092E3C4 /* WebRTCDemo-Bridging-Header.h */ = {isa = PBXFileReference; lastKnownFileType = sourcecode.c.h; path = "WebRTCDemo-Bridging-Header.h"; sourceTree = "<group>"; };
		2BD4B3D52F14CCF70092E3C4 /* FlutterBroadcastScreenCapturer.h */ = {isa = PBXFileReference; lastKnownFileType = sourcecode.c.h; path = FlutterBroadcastScreenCapturer.h; sourceTree = "<group>"; };
		2BD4B3D62F14CCFD0092E3C4 /* FlutterBroadcastScreenCapturer.m */ = {isa = PBXFileReference; lastKnownFileType = sourcecode.c.objc; path = FlutterBroadcastScreenCapturer.m; sourceTree = "<group>"; };
		2BD4B3D82F14CD000092E3C4 /* FlutterSocketConnection.h */ = {isa = PBXFileReference; lastKnownFileType = sourcecode.c.h; path = FlutterSocketConnection.h; sourceTree = "<group>"; };
		2BD4B3D92F14CD030092E3C4 /* FlutterSocketConnection.m */ = {isa = PBXFileReference; lastKnownFileType = sourcecode.c.objc; path = FlutterSocketConnection.m; sourceTree = "<group>"; };
		2BD4B3DB2F14CD070092E3C4 /* FlutterSocketConnectionFrameReader.h */ = {isa = PBXFileReference; lastKnownFileType = sourcecode.c.h; path = FlutterSocketConnectionFrameReader.h; sourceTree = "<group>"; };
		2BD4B3DC2F14CD090092E3C4 /* FlutterSocketConnectionFrameReader.m */ = {isa = PBXFileReference; lastKnownFileType = sourcecode.c.objc; path = FlutterSocketConnectionFrameReader.m; sourceTree = "<group>"; };
		2BF2E2132CA14F2E003EFE08 /* WebRTCDemoScreenBroadcast.appex */ = {isa = PBXFileReference; explicitFileType = "wrapper.app-extension"; includeInIndex = 0; path = WebRTCDemoScreenBroadcast.appex; sourceTree = BUILT_PRODUCTS_DIR; };
		2BF2E2142CA14F2E003EFE08 /* ReplayKit.framework */ = {isa = PBXFileReference; lastKnownFileType = wrapper.framework; name = ReplayKit.framework; path = System/Library/Frameworks/ReplayKit.framework; sourceTree = SDKROOT; };
		2BF2E2172CA14F2E003EFE08 /* SampleHandler.swift */ = {isa = PBXFileReference; lastKnownFileType = sourcecode.swift; path = SampleHandler.swift; sourceTree = "<group>"; };
		2BF2E2192CA14F2E003EFE08 /* Info.plist */ = {isa = PBXFileReference; lastKnownFileType = text.plist.xml; path = Info.plist; sourceTree = "<group>"; };
		2BF2E21E2CA14F2E003EFE08 /* WebRTCDemoScreenBroadcastSetupUI.appex */ = {isa = PBXFileReference; explicitFileType = "wrapper.app-extension"; includeInIndex = 0; path = WebRTCDemoScreenBroadcastSetupUI.appex; sourceTree = BUILT_PRODUCTS_DIR; };
		2BF2E2202CA14F2E003EFE08 /* UIKit.framework */ = {isa = PBXFileReference; lastKnownFileType = wrapper.framework; name = UIKit.framework; path = System/Library/Frameworks/UIKit.framework; sourceTree = SDKROOT; };
		2BF2E2232CA14F2E003EFE08 /* BroadcastSetupViewController.swift */ = {isa = PBXFileReference; lastKnownFileType = sourcecode.swift; path = BroadcastSetupViewController.swift; sourceTree = "<group>"; };
		2BF2E2252CA14F2E003EFE08 /* Info.plist */ = {isa = PBXFileReference; lastKnownFileType = text.plist.xml; path = Info.plist; sourceTree = "<group>"; };
		2BF2E2332CA159AE003EFE08 /* WebRTCDemo.entitlements */ = {isa = PBXFileReference; lastKnownFileType = text.plist.entitlements; path = WebRTCDemo.entitlements; sourceTree = "<group>"; };
		2BF2E2342CA159ED003EFE08 /* WebRTCDemoScreenBroadcast.entitlements */ = {isa = PBXFileReference; lastKnownFileType = text.plist.entitlements; path = WebRTCDemoScreenBroadcast.entitlements; sourceTree = "<group>"; };
		2BA1E0012F20A00100E2EE01 /* EffectsProcessor.swift */ = {isa = PBXFileReference; lastKnownFileType = sourcecode.swift; path = EffectsProcessor.swift; sourceTree = "<group>"; };
		2BC0A1012F30B00100E2EE01 /* WebRTCDemoApp.swift */ = {isa = PBXFileReference; lastKnownFileType = sourcecode.swift; path = WebRTCDemoApp.swift; sourceTree = "<group>"; };
		2BC0A1022F30B00100E2EE01 /* LobbyView.swift */ = {isa = PBXFileReference; lastKnownFileType = sourcecode.swift; path = LobbyView.swift; sourceTree = "<group>"; };
		2BC0A1032F30B00100E2EE01 /* CallView.swift */ = {isa = PBXFileReference; lastKnownFileType = sourcecode.swift; path = CallView.swift; sourceTree = "<group>"; };
		2BC0A1042F30B00100E2EE01 /* CallControls.swift */ = {isa = PBXFileReference; lastKnownFileType = sourcecode.swift; path = CallControls.swift; sourceTree = "<group>"; };
		2BC0A1052F30B00100E2EE01 /* ChatView.swift */ = {isa = PBXFileReference; lastKnownFileType = sourcecode.swift; path = ChatView.swift; sourceTree = "<group>"; };
		2BC0A1062F30B00100E2EE01 /* CallViewModel.swift */ = {isa = PBXFileReference; lastKnownFileType = sourcecode.swift; path = CallViewModel.swift; sourceTree = "<group>"; };
		2BC0A1072F30B00100E2EE01 /* VideoView.swift */ = {isa = PBXFileReference; lastKnownFileType = sourcecode.swift; path = VideoView.swift; sourceTree = "<group>"; };
		2BC0A1082F30B00100E2EE01 /* PeerPlaceholderView.swift */ = {isa = PBXFileReference; lastKnownFileType = sourcecode.swift; path = PeerPlaceholderView.swift; sourceTree = "<group>"; };
		2BC0A1092F30B00100E2EE01 /* PictureInPicture.swift */ = {isa = PBXFileReference; lastKnownFileType = sourcecode.swift; path = PictureInPicture.swift; sourceTree = "<group>"; };
		2BC0A10A2F30B00100E2EE01 /* SignalingServer.swift */ = {isa = PBXFileReference; lastKnownFileType = sourcecode.swift; path = SignalingServer.swift; sourceTree = "<group>"; };
		2BE100012F40C00100E2EE01 /* CallOverlays.swift */ = {isa = PBXFileReference; lastKnownFileType = sourcecode.swift; path = CallOverlays.swift; sourceTree = "<group>"; };
		2BE100022F40C00100E2EE01 /* WebRTCDemoMacApp.swift */ = {isa = PBXFileReference; lastKnownFileType = sourcecode.swift; path = WebRTCDemoMacApp.swift; sourceTree = "<group>"; };
		2BE100032F40C00100E2EE01 /* MacCallView.swift */ = {isa = PBXFileReference; lastKnownFileType = sourcecode.swift; path = MacCallView.swift; sourceTree = "<group>"; };
		2BE100042F40C00100E2EE01 /* MacCallToolbar.swift */ = {isa = PBXFileReference; lastKnownFileType = sourcecode.swift; path = MacCallToolbar.swift; sourceTree = "<group>"; };
		2BE100052F40C00100E2EE01 /* ScreenShareCapturer.swift */ = {isa = PBXFileReference; lastKnownFileType = sourcecode.swift; path = ScreenShareCapturer.swift; sourceTree = "<group>"; };
		2BE100062F40C00100E2EE01 /* ScreenSharePicker.swift */ = {isa = PBXFileReference; lastKnownFileType = sourcecode.swift; path = ScreenSharePicker.swift; sourceTree = "<group>"; };
		2BE100072F40C00100E2EE01 /* FileVideoCapturer.swift */ = {isa = PBXFileReference; lastKnownFileType = sourcecode.swift; path = FileVideoCapturer.swift; sourceTree = "<group>"; };
		2BE100082F40C00100E2EE01 /* FloatingCallWindow.swift */ = {isa = PBXFileReference; lastKnownFileType = sourcecode.swift; path = FloatingCallWindow.swift; sourceTree = "<group>"; };
		2BE100092F40C00100E2EE01 /* MacSettingsView.swift */ = {isa = PBXFileReference; lastKnownFileType = sourcecode.swift; path = MacSettingsView.swift; sourceTree = "<group>"; };
		2BE1000A2F40C00100E2EE01 /* CallCommands.swift */ = {isa = PBXFileReference; lastKnownFileType = sourcecode.swift; path = CallCommands.swift; sourceTree = "<group>"; };
		2BE1000B2F40C00100E2EE01 /* MacSupport.swift */ = {isa = PBXFileReference; lastKnownFileType = sourcecode.swift; path = MacSupport.swift; sourceTree = "<group>"; };
		2BE100602F40C00100E2EE01 /* MacGroupStage.swift */ = {isa = PBXFileReference; lastKnownFileType = sourcecode.swift; path = MacGroupStage.swift; sourceTree = "<group>"; };
		2BE1000C2F40C00100E2EE01 /* Info.plist */ = {isa = PBXFileReference; lastKnownFileType = text.plist.xml; path = Info.plist; sourceTree = "<group>"; };
		2BE1000D2F40C00100E2EE01 /* WebRTCDemoMac.entitlements */ = {isa = PBXFileReference; lastKnownFileType = text.plist.entitlements; path = WebRTCDemoMac.entitlements; sourceTree = "<group>"; };
		2BE1000E2F40C00100E2EE01 /* Assets.xcassets */ = {isa = PBXFileReference; lastKnownFileType = folder.assetcatalog; path = Assets.xcassets; sourceTree = "<group>"; };
		2BE1000F2F40C00100E2EE01 /* WebRTC Demo.app */ = {isa = PBXFileReference; explicitFileType = wrapper.application; includeInIndex = 0; path = "WebRTC Demo.app"; sourceTree = BUILT_PRODUCTS_DIR; };
		2BC0A10B2F30B00100E2EE01 /* EffectsCatalog.swift */ = {isa = PBXFileReference; lastKnownFileType = sourcecode.swift; path = EffectsCatalog.swift; sourceTree = "<group>"; };
		2BC0A10C2F30B00100E2EE01 /* EffectsSheet.swift */ = {isa = PBXFileReference; lastKnownFileType = sourcecode.swift; path = EffectsSheet.swift; sourceTree = "<group>"; };
		2BC0A10D2F30B00100E2EE01 /* effects */ = {isa = PBXFileReference; lastKnownFileType = folder; name = effects; path = ../effects; sourceTree = "<group>"; };
		2BC0A1102F30B00100E2EE01 /* LocalMedia.swift */ = {isa = PBXFileReference; lastKnownFileType = sourcecode.swift; path = LocalMedia.swift; sourceTree = "<group>"; };
		2BC0A1112F30B00100E2EE01 /* FrameEncryption.swift */ = {isa = PBXFileReference; lastKnownFileType = sourcecode.swift; path = FrameEncryption.swift; sourceTree = "<group>"; };
		2BC0A1122F30B00100E2EE01 /* GroupCallClient.swift */ = {isa = PBXFileReference; lastKnownFileType = sourcecode.swift; path = GroupCallClient.swift; sourceTree = "<group>"; };
		2BC0A1132F30B00100E2EE01 /* GroupCallView.swift */ = {isa = PBXFileReference; lastKnownFileType = sourcecode.swift; path = GroupCallView.swift; sourceTree = "<group>"; };
		2BC0A1142F30B00100E2EE01 /* SFUServer.swift */ = {isa = PBXFileReference; lastKnownFileType = sourcecode.swift; path = SFUServer.swift; sourceTree = "<group>"; };
		2BC0A1152F30B00100E2EE01 /* SignalingSocket.swift */ = {isa = PBXFileReference; lastKnownFileType = sourcecode.swift; path = SignalingSocket.swift; sourceTree = "<group>"; };
/* End PBXFileReference section */

/* Begin PBXFrameworksBuildPhase section */
		2B7457FE2C98569C003184F2 /* Frameworks */ = {
			isa = PBXFrameworksBuildPhase;
			buildActionMask = 2147483647;
			files = (
				2BE200402F40C00100E2EE01 /* WebRTC in Frameworks */,
			);
			runOnlyForDeploymentPostprocessing = 0;
		};
		2BF2E2102CA14F2E003EFE08 /* Frameworks */ = {
			isa = PBXFrameworksBuildPhase;
			buildActionMask = 2147483647;
			files = (
				2BF2E2152CA14F2E003EFE08 /* ReplayKit.framework in Frameworks */,
			);
			runOnlyForDeploymentPostprocessing = 0;
		};
		2BF2E21B2CA14F2E003EFE08 /* Frameworks */ = {
			isa = PBXFrameworksBuildPhase;
			buildActionMask = 2147483647;
			files = (
				2BF2E21F2CA14F2E003EFE08 /* ReplayKit.framework in Frameworks */,
				2BF2E2212CA14F2E003EFE08 /* UIKit.framework in Frameworks */,
			);
			runOnlyForDeploymentPostprocessing = 0;
		};
		2BE300022F40C00100E2EE01 /* Frameworks */ = {
			isa = PBXFrameworksBuildPhase;
			buildActionMask = 2147483647;
			files = (
				2BE200422F40C00100E2EE01 /* WebRTC in Frameworks */,
			);
			runOnlyForDeploymentPostprocessing = 0;
		};
/* End PBXFrameworksBuildPhase section */

/* Begin PBXGroup section */
		2B7457F82C98569C003184F2 = {
			isa = PBXGroup;
			children = (
				2B7458032C98569C003184F2 /* WebRTCDemo */,
				2BC0A10D2F30B00100E2EE01 /* effects */,
				2BF2E2162CA14F2E003EFE08 /* WebRTCDemoScreenBroadcast */,
				2BF2E2222CA14F2E003EFE08 /* WebRTCDemoScreenBroadcastSetupUI */,
				2BE300082F40C00100E2EE01 /* WebRTCDemoMac */,
				2B7458022C98569C003184F2 /* Products */,
				9BF5562F0704B3DCB2CC3574 /* Frameworks */,
			);
			sourceTree = "<group>";
		};
		2B7458022C98569C003184F2 /* Products */ = {
			isa = PBXGroup;
			children = (
				2B7458012C98569C003184F2 /* WebRTCDemo.app */,
				2BF2E2132CA14F2E003EFE08 /* WebRTCDemoScreenBroadcast.appex */,
				2BF2E21E2CA14F2E003EFE08 /* WebRTCDemoScreenBroadcastSetupUI.appex */,
				2BE1000F2F40C00100E2EE01 /* WebRTC Demo.app */,
			);
			name = Products;
			sourceTree = "<group>";
		};
		2B7458032C98569C003184F2 /* WebRTCDemo */ = {
			isa = PBXGroup;
			children = (
				2BF2E2332CA159AE003EFE08 /* WebRTCDemo.entitlements */,
				2BD4B3CE2F14C4350092E3C4 /* video.mp4 */,
				2B7458122C98569D003184F2 /* Info.plist */,
				2BC0A1012F30B00100E2EE01 /* WebRTCDemoApp.swift */,
				2BC0A1022F30B00100E2EE01 /* LobbyView.swift */,
				2BC0A1032F30B00100E2EE01 /* CallView.swift */,
				2BE100012F40C00100E2EE01 /* CallOverlays.swift */,
				2BC0A1042F30B00100E2EE01 /* CallControls.swift */,
				2BC0A1052F30B00100E2EE01 /* ChatView.swift */,
				2BC0A1062F30B00100E2EE01 /* CallViewModel.swift */,
				2BC0A1072F30B00100E2EE01 /* VideoView.swift */,
				2BC0A1082F30B00100E2EE01 /* PeerPlaceholderView.swift */,
				2BC0A1092F30B00100E2EE01 /* PictureInPicture.swift */,
				2BC0A10A2F30B00100E2EE01 /* SignalingServer.swift */,
				2BC0A10B2F30B00100E2EE01 /* EffectsCatalog.swift */,
				2BC0A10C2F30B00100E2EE01 /* EffectsSheet.swift */,
				2B0F7E1F2C9B1FF200EC81C9 /* PeerConnectionClient.swift */,
				2BC0A1102F30B00100E2EE01 /* LocalMedia.swift */,
				2BC0A1112F30B00100E2EE01 /* FrameEncryption.swift */,
				2BC0A1122F30B00100E2EE01 /* GroupCallClient.swift */,
				2BC0A1132F30B00100E2EE01 /* GroupCallView.swift */,
				2BC0A1142F30B00100E2EE01 /* SFUServer.swift */,
				2BC0A1152F30B00100E2EE01 /* SignalingSocket.swift */,
				2BBD7BE52C986938003B4801 /* RTCCustomFrameCapturer.swift */,
				2BD4B3CA2F149B480092E3C4 /* RTCFileVideoCapturer+URL.swift */,
				2BA1E0012F20A00100E2EE01 /* EffectsProcessor.swift */,
				2BD4B3D22F14CCB60092E3C4 /* DarwinNotificationCenter.swift */,
				2BD4B3D42F14CCBB0092E3C4 /* WebRTCDemo-Bridging-Header.h */,
				2BD4B3D52F14CCF70092E3C4 /* FlutterBroadcastScreenCapturer.h */,
				2BD4B3D62F14CCFD0092E3C4 /* FlutterBroadcastScreenCapturer.m */,
				2BD4B3D82F14CD000092E3C4 /* FlutterSocketConnection.h */,
				2BD4B3D92F14CD030092E3C4 /* FlutterSocketConnection.m */,
				2BD4B3DB2F14CD070092E3C4 /* FlutterSocketConnectionFrameReader.h */,
				2BD4B3DC2F14CD090092E3C4 /* FlutterSocketConnectionFrameReader.m */,
				2B74580D2C98569D003184F2 /* Assets.xcassets */,
				2B74580F2C98569D003184F2 /* LaunchScreen.storyboard */,
			);
			path = WebRTCDemo;
			sourceTree = "<group>";
		};
		2BF2E2162CA14F2E003EFE08 /* WebRTCDemoScreenBroadcast */ = {
			isa = PBXGroup;
			children = (
				2BF2E2342CA159ED003EFE08 /* WebRTCDemoScreenBroadcast.entitlements */,
				2BF2E2192CA14F2E003EFE08 /* Info.plist */,
				2B6336402F13AE3600CB3CEB /* Atomic.swift */,
				2BD4B3D02F14C6E90092E3C4 /* DarwinNotificationCenter.swift */,
				2BF2E2172CA14F2E003EFE08 /* SampleHandler.swift */,
				2B6336362F13A74B00CB3CEB /* SampleUploader.swift */,
				2B6336372F13A74B00CB3CEB /* SocketConnection.swift */,
			);
			path = WebRTCDemoScreenBroadcast;
			sourceTree = "<group>";
		};
		2BF2E2222CA14F2E003EFE08 /* WebRTCDemoScreenBroadcastSetupUI */ = {
			isa = PBXGroup;
			children = (
				2BF2E2232CA14F2E003EFE08 /* BroadcastSetupViewController.swift */,
				2BF2E2252CA14F2E003EFE08 /* Info.plist */,
			);
			path = WebRTCDemoScreenBroadcastSetupUI;
			sourceTree = "<group>";
		};
		9BF5562F0704B3DCB2CC3574 /* Frameworks */ = {
			isa = PBXGroup;
			children = (
				2BF2E2142CA14F2E003EFE08 /* ReplayKit.framework */,
				2BF2E2202CA14F2E003EFE08 /* UIKit.framework */,
			);
			name = Frameworks;
			sourceTree = "<group>";
		};
		2BE300082F40C00100E2EE01 /* WebRTCDemoMac */ = {
			isa = PBXGroup;
			children = (
				2BE1000D2F40C00100E2EE01 /* WebRTCDemoMac.entitlements */,
				2BE1000C2F40C00100E2EE01 /* Info.plist */,
				2BE100022F40C00100E2EE01 /* WebRTCDemoMacApp.swift */,
				2BE100032F40C00100E2EE01 /* MacCallView.swift */,
				2BE100042F40C00100E2EE01 /* MacCallToolbar.swift */,
				2BE100052F40C00100E2EE01 /* ScreenShareCapturer.swift */,
				2BE100062F40C00100E2EE01 /* ScreenSharePicker.swift */,
				2BE100072F40C00100E2EE01 /* FileVideoCapturer.swift */,
				2BE100082F40C00100E2EE01 /* FloatingCallWindow.swift */,
				2BE100092F40C00100E2EE01 /* MacSettingsView.swift */,
				2BE1000A2F40C00100E2EE01 /* CallCommands.swift */,
				2BE1000B2F40C00100E2EE01 /* MacSupport.swift */,
				2BE100602F40C00100E2EE01 /* MacGroupStage.swift */,
				2BE1000E2F40C00100E2EE01 /* Assets.xcassets */,
			);
			path = WebRTCDemoMac;
			sourceTree = "<group>";
		};
/* End PBXGroup section */

/* Begin PBXNativeTarget section */
		2B7458002C98569C003184F2 /* WebRTCDemo */ = {
			isa = PBXNativeTarget;
			buildConfigurationList = 2B7458152C98569D003184F2 /* Build configuration list for PBXNativeTarget "WebRTCDemo" */;
			buildPhases = (
				2B7457FD2C98569C003184F2 /* Sources */,
				2B7457FE2C98569C003184F2 /* Frameworks */,
				2B7457FF2C98569C003184F2 /* Resources */,
				2BF2E22C2CA14F2E003EFE08 /* Embed Foundation Extensions */,
			);
			buildRules = (
			);
			dependencies = (
				2BF2E2272CA14F2E003EFE08 /* PBXTargetDependency */,
				2BF2E22A2CA14F2E003EFE08 /* PBXTargetDependency */,
			);
			name = WebRTCDemo;
			packageProductDependencies = (
				2BE300202F40C00100E2EE01 /* WebRTC */,
			);
			productName = WebRTCDemo;
			productReference = 2B7458012C98569C003184F2 /* WebRTCDemo.app */;
			productType = "com.apple.product-type.application";
		};
		2BF2E2122CA14F2E003EFE08 /* WebRTCDemoScreenBroadcast */ = {
			isa = PBXNativeTarget;
			buildConfigurationList = 2BF2E2322CA14F2E003EFE08 /* Build configuration list for PBXNativeTarget "WebRTCDemoScreenBroadcast" */;
			buildPhases = (
				2BF2E20F2CA14F2E003EFE08 /* Sources */,
				2BF2E2102CA14F2E003EFE08 /* Frameworks */,
				2BF2E2112CA14F2E003EFE08 /* Resources */,
			);
			buildRules = (
			);
			dependencies = (
			);
			name = WebRTCDemoScreenBroadcast;
			productName = WebRTCDemoScreenBroadcast;
			productReference = 2BF2E2132CA14F2E003EFE08 /* WebRTCDemoScreenBroadcast.appex */;
			productType = "com.apple.product-type.app-extension";
		};
		2BF2E21D2CA14F2E003EFE08 /* WebRTCDemoScreenBroadcastSetupUI */ = {
			isa = PBXNativeTarget;
			buildConfigurationList = 2BF2E2312CA14F2E003EFE08 /* Build configuration list for PBXNativeTarget "WebRTCDemoScreenBroadcastSetupUI" */;
			buildPhases = (
				2BF2E21A2CA14F2E003EFE08 /* Sources */,
				2BF2E21B2CA14F2E003EFE08 /* Frameworks */,
				2BF2E21C2CA14F2E003EFE08 /* Resources */,
			);
			buildRules = (
			);
			dependencies = (
			);
			name = WebRTCDemoScreenBroadcastSetupUI;
			productName = WebRTCDemoScreenBroadcastSetupUI;
			productReference = 2BF2E21E2CA14F2E003EFE08 /* WebRTCDemoScreenBroadcastSetupUI.appex */;
			productType = "com.apple.product-type.app-extension";
		};
		2BE300042F40C00100E2EE01 /* WebRTCDemoMac */ = {
			isa = PBXNativeTarget;
			buildConfigurationList = 2BE300052F40C00100E2EE01 /* Build configuration list for PBXNativeTarget "WebRTCDemoMac" */;
			buildPhases = (
				2BE300012F40C00100E2EE01 /* Sources */,
				2BE300022F40C00100E2EE01 /* Frameworks */,
				2BE300032F40C00100E2EE01 /* Resources */,
			);
			buildRules = (
			);
			dependencies = (
			);
			name = WebRTCDemoMac;
			packageProductDependencies = (
				2BE300222F40C00100E2EE01 /* WebRTC */,
			);
			productName = WebRTCDemoMac;
			productReference = 2BE1000F2F40C00100E2EE01 /* WebRTC Demo.app */;
			productType = "com.apple.product-type.application";
		};
/* End PBXNativeTarget section */

/* Begin PBXProject section */
		2B7457F92C98569C003184F2 /* Project object */ = {
			isa = PBXProject;
			attributes = {
				BuildIndependentTargetsInParallel = 1;
				LastSwiftUpdateCheck = 2600;
				LastUpgradeCheck = 2600;
				TargetAttributes = {
					2B7458002C98569C003184F2 = {
						CreatedOnToolsVersion = 15.4;
						LastSwiftMigration = 1610;
					};
					2BF2E2122CA14F2E003EFE08 = {
						CreatedOnToolsVersion = 15.4;
					};
					2BF2E21D2CA14F2E003EFE08 = {
						CreatedOnToolsVersion = 15.4;
					};
					2BE300042F40C00100E2EE01 = {
						CreatedOnToolsVersion = 26.0;
					};
				};
			};
			buildConfigurationList = 2B7457FC2C98569C003184F2 /* Build configuration list for PBXProject "WebRTCDemo" */;
			compatibilityVersion = "Xcode 15.0";
			developmentRegion = en;
			hasScannedForEncodings = 0;
			knownRegions = (
				en,
				Base,
			);
			mainGroup = 2B7457F82C98569C003184F2;
			packageReferences = (
				2BE300112F40C00100E2EE01 /* XCLocalSwiftPackageReference "Packages/WebRTC" */,
			);
			productRefGroup = 2B7458022C98569C003184F2 /* Products */;
			projectDirPath = "";
			projectRoot = "";
			targets = (
				2B7458002C98569C003184F2 /* WebRTCDemo */,
				2BF2E2122CA14F2E003EFE08 /* WebRTCDemoScreenBroadcast */,
				2BF2E21D2CA14F2E003EFE08 /* WebRTCDemoScreenBroadcastSetupUI */,
				2BE300042F40C00100E2EE01 /* WebRTCDemoMac */,
			);
		};
/* End PBXProject section */

/* Begin PBXResourcesBuildPhase section */
		2B7457FF2C98569C003184F2 /* Resources */ = {
			isa = PBXResourcesBuildPhase;
			buildActionMask = 2147483647;
			files = (
				2B74580E2C98569D003184F2 /* Assets.xcassets in Resources */,
				2B7458112C98569D003184F2 /* Base in Resources */,
				2BD4B3CF2F14C4350092E3C4 /* video.mp4 in Resources */,
				2BC0A10D2F30B00200E2EE01 /* effects in Resources */,
			);
			runOnlyForDeploymentPostprocessing = 0;
		};
		2BF2E2112CA14F2E003EFE08 /* Resources */ = {
			isa = PBXResourcesBuildPhase;
			buildActionMask = 2147483647;
			files = (
			);
			runOnlyForDeploymentPostprocessing = 0;
		};
		2BF2E21C2CA14F2E003EFE08 /* Resources */ = {
			isa = PBXResourcesBuildPhase;
			buildActionMask = 2147483647;
			files = (
			);
			runOnlyForDeploymentPostprocessing = 0;
		};
		2BE300032F40C00100E2EE01 /* Resources */ = {
			isa = PBXResourcesBuildPhase;
			buildActionMask = 2147483647;
			files = (
				2BE200302F40C00100E2EE01 /* Assets.xcassets in Resources */,
				2BE200312F40C00100E2EE01 /* Assets.xcassets in Resources */,
				2BE200322F40C00100E2EE01 /* effects in Resources */,
			);
			runOnlyForDeploymentPostprocessing = 0;
		};
/* End PBXResourcesBuildPhase section */

/* Begin PBXSourcesBuildPhase section */
		2B7457FD2C98569C003184F2 /* Sources */ = {
			isa = PBXSourcesBuildPhase;
			buildActionMask = 2147483647;
			files = (
				2B0F7E202C9B1FF200EC81C9 /* PeerConnectionClient.swift in Sources */,
				2BC0A1012F30B00200E2EE01 /* WebRTCDemoApp.swift in Sources */,
				2BC0A1022F30B00200E2EE01 /* LobbyView.swift in Sources */,
				2BC0A1032F30B00200E2EE01 /* CallView.swift in Sources */,
				2BE200012F40C00100E2EE01 /* CallOverlays.swift in Sources */,
				2BC0A1042F30B00200E2EE01 /* CallControls.swift in Sources */,
				2BC0A1052F30B00200E2EE01 /* ChatView.swift in Sources */,
				2BC0A1062F30B00200E2EE01 /* CallViewModel.swift in Sources */,
				2BC0A1072F30B00200E2EE01 /* VideoView.swift in Sources */,
				2BC0A1082F30B00200E2EE01 /* PeerPlaceholderView.swift in Sources */,
				2BC0A1092F30B00200E2EE01 /* PictureInPicture.swift in Sources */,
				2BC0A10A2F30B00200E2EE01 /* SignalingServer.swift in Sources */,
				2BC0A10B2F30B00200E2EE01 /* EffectsCatalog.swift in Sources */,
				2BC0A10C2F30B00200E2EE01 /* EffectsSheet.swift in Sources */,
				2BD4B3DD2F14CD090092E3C4 /* FlutterSocketConnectionFrameReader.m in Sources */,
				2BD4B3D32F14CCB60092E3C4 /* DarwinNotificationCenter.swift in Sources */,
				2BD4B3DA2F14CD030092E3C4 /* FlutterSocketConnection.m in Sources */,
				2BD4B3D72F14CCFD0092E3C4 /* FlutterBroadcastScreenCapturer.m in Sources */,
				2BBD7BE62C986938003B4801 /* RTCCustomFrameCapturer.swift in Sources */,
				2BD4B3CB2F149B480092E3C4 /* RTCFileVideoCapturer+URL.swift in Sources */,
				2BA1E0022F20A00100E2EE01 /* EffectsProcessor.swift in Sources */,
				2BC0A1102F30B00200E2EE01 /* LocalMedia.swift in Sources */,
				2BC0A1112F30B00200E2EE01 /* FrameEncryption.swift in Sources */,
				2BC0A1122F30B00200E2EE01 /* GroupCallClient.swift in Sources */,
				2BC0A1132F30B00200E2EE01 /* GroupCallView.swift in Sources */,
				2BC0A1142F30B00200E2EE01 /* SFUServer.swift in Sources */,
				2BC0A1152F30B00200E2EE01 /* SignalingSocket.swift in Sources */,
			);
			runOnlyForDeploymentPostprocessing = 0;
		};
		2BF2E20F2CA14F2E003EFE08 /* Sources */ = {
			isa = PBXSourcesBuildPhase;
			buildActionMask = 2147483647;
			files = (
				2BD4B3D12F14C6E90092E3C4 /* DarwinNotificationCenter.swift in Sources */,
				2B6336412F13AE3600CB3CEB /* Atomic.swift in Sources */,
				2BF2E2182CA14F2E003EFE08 /* SampleHandler.swift in Sources */,
				2B6336382F13A74B00CB3CEB /* SocketConnection.swift in Sources */,
				2B6336392F13A74B00CB3CEB /* SampleUploader.swift in Sources */,
			);
			runOnlyForDeploymentPostprocessing = 0;
		};
		2BF2E21A2CA14F2E003EFE08 /* Sources */ = {
			isa = PBXSourcesBuildPhase;
			buildActionMask = 2147483647;
			files = (
				2BF2E2242CA14F2E003EFE08 /* BroadcastSetupViewController.swift in Sources */,
			);
			runOnlyForDeploymentPostprocessing = 0;
		};
		2BE300012F40C00100E2EE01 /* Sources */ = {
			isa = PBXSourcesBuildPhase;
			buildActionMask = 2147483647;
			files = (
				2BE200202F40C00100E2EE01 /* WebRTCDemoMacApp.swift in Sources */,
				2BE200212F40C00100E2EE01 /* MacCallView.swift in Sources */,
				2BE200222F40C00100E2EE01 /* MacCallToolbar.swift in Sources */,
				2BE200232F40C00100E2EE01 /* ScreenShareCapturer.swift in Sources */,
				2BE200242F40C00100E2EE01 /* ScreenSharePicker.swift in Sources */,
				2BE200252F40C00100E2EE01 /* FileVideoCapturer.swift in Sources */,
				2BE200262F40C00100E2EE01 /* FloatingCallWindow.swift in Sources */,
				2BE200272F40C00100E2EE01 /* MacSettingsView.swift in Sources */,
				2BE200282F40C00100E2EE01 /* CallCommands.swift in Sources */,
				2BE200292F40C00100E2EE01 /* MacSupport.swift in Sources */,
				2BE200602F40C00100E2EE01 /* MacGroupStage.swift in Sources */,
				2BE200022F40C00100E2EE01 /* CallOverlays.swift in Sources */,
				2BE200102F40C00100E2EE01 /* CallViewModel.swift in Sources */,
				2BE200112F40C00100E2EE01 /* PeerConnectionClient.swift in Sources */,
				2BE200122F40C00100E2EE01 /* SignalingServer.swift in Sources */,
				2BE200132F40C00100E2EE01 /* ChatView.swift in Sources */,
				2BE200142F40C00100E2EE01 /* LobbyView.swift in Sources */,
				2BE200152F40C00100E2EE01 /* CallControls.swift in Sources */,
				2BE200162F40C00100E2EE01 /* PeerPlaceholderView.swift in Sources */,
				2BE200172F40C00100E2EE01 /* VideoView.swift in Sources */,
				2BE200182F40C00100E2EE01 /* EffectsProcessor.swift in Sources */,
				2BE200192F40C00100E2EE01 /* RTCCustomFrameCapturer.swift in Sources */,
				2BE2001A2F40C00100E2EE01 /* EffectsCatalog.swift in Sources */,
				2BE2001B2F40C00100E2EE01 /* EffectsSheet.swift in Sources */,
				2BE200502F40C00100E2EE01 /* LocalMedia.swift in Sources */,
				2BE200512F40C00100E2EE01 /* FrameEncryption.swift in Sources */,
				2BE200522F40C00100E2EE01 /* GroupCallClient.swift in Sources */,
				2BE200532F40C00100E2EE01 /* SFUServer.swift in Sources */,
				2BE200542F40C00100E2EE01 /* SignalingSocket.swift in Sources */,
			);
			runOnlyForDeploymentPostprocessing = 0;
		};
/* End PBXSourcesBuildPhase section */

/* Begin PBXTargetDependency section */
		2BF2E2272CA14F2E003EFE08 /* PBXTargetDependency */ = {
			isa = PBXTargetDependency;
			target = 2BF2E21D2CA14F2E003EFE08 /* WebRTCDemoScreenBroadcastSetupUI */;
			targetProxy = 2BF2E2262CA14F2E003EFE08 /* PBXContainerItemProxy */;
		};
		2BF2E22A2CA14F2E003EFE08 /* PBXTargetDependency */ = {
			isa = PBXTargetDependency;
			target = 2BF2E2122CA14F2E003EFE08 /* WebRTCDemoScreenBroadcast */;
			targetProxy = 2BF2E2292CA14F2E003EFE08 /* PBXContainerItemProxy */;
		};
/* End PBXTargetDependency section */

/* Begin PBXVariantGroup section */
		2B74580F2C98569D003184F2 /* LaunchScreen.storyboard */ = {
			isa = PBXVariantGroup;
			children = (
				2B7458102C98569D003184F2 /* Base */,
			);
			name = LaunchScreen.storyboard;
			sourceTree = "<group>";
		};
/* End PBXVariantGroup section */

/* Begin XCBuildConfiguration section */
		2B7458132C98569D003184F2 /* Debug */ = {
			isa = XCBuildConfiguration;
			buildSettings = {
				ALWAYS_SEARCH_USER_PATHS = NO;
				ASSETCATALOG_COMPILER_GENERATE_SWIFT_ASSET_SYMBOL_EXTENSIONS = YES;
				CLANG_ANALYZER_NONNULL = YES;
				CLANG_ANALYZER_NUMBER_OBJECT_CONVERSION = YES_AGGRESSIVE;
				CLANG_CXX_LANGUAGE_STANDARD = "gnu++20";
				CLANG_ENABLE_MODULES = YES;
				CLANG_ENABLE_OBJC_ARC = YES;
				CLANG_ENABLE_OBJC_WEAK = YES;
				CLANG_WARN_BLOCK_CAPTURE_AUTORELEASING = YES;
				CLANG_WARN_BOOL_CONVERSION = YES;
				CLANG_WARN_COMMA = YES;
				CLANG_WARN_CONSTANT_CONVERSION = YES;
				CLANG_WARN_DEPRECATED_OBJC_IMPLEMENTATIONS = YES;
				CLANG_WARN_DIRECT_OBJC_ISA_USAGE = YES_ERROR;
				CLANG_WARN_DOCUMENTATION_COMMENTS = YES;
				CLANG_WARN_EMPTY_BODY = YES;
				CLANG_WARN_ENUM_CONVERSION = YES;
				CLANG_WARN_INFINITE_RECURSION = YES;
				CLANG_WARN_INT_CONVERSION = YES;
				CLANG_WARN_NON_LITERAL_NULL_CONVERSION = YES;
				CLANG_WARN_OBJC_IMPLICIT_RETAIN_SELF = YES;
				CLANG_WARN_OBJC_LITERAL_CONVERSION = YES;
				CLANG_WARN_OBJC_ROOT_CLASS = YES_ERROR;
				CLANG_WARN_QUOTED_INCLUDE_IN_FRAMEWORK_HEADER = YES;
				CLANG_WARN_RANGE_LOOP_ANALYSIS = YES;
				CLANG_WARN_STRICT_PROTOTYPES = YES;
				CLANG_WARN_SUSPICIOUS_MOVE = YES;
				CLANG_WARN_UNGUARDED_AVAILABILITY = YES_AGGRESSIVE;
				CLANG_WARN_UNREACHABLE_CODE = YES;
				CLANG_WARN__DUPLICATE_METHOD_MATCH = YES;
				COPY_PHASE_STRIP = NO;
				DEBUG_INFORMATION_FORMAT = dwarf;
				DEVELOPMENT_TEAM = C9FU286T96;
				ENABLE_STRICT_OBJC_MSGSEND = YES;
				ENABLE_TESTABILITY = YES;
				ENABLE_USER_SCRIPT_SANDBOXING = YES;
				GCC_C_LANGUAGE_STANDARD = gnu17;
				GCC_DYNAMIC_NO_PIC = NO;
				GCC_NO_COMMON_BLOCKS = YES;
				GCC_OPTIMIZATION_LEVEL = 0;
				GCC_PREPROCESSOR_DEFINITIONS = (
					"DEBUG=1",
					"$(inherited)",
				);
				GCC_WARN_64_TO_32_BIT_CONVERSION = YES;
				GCC_WARN_ABOUT_RETURN_TYPE = YES_ERROR;
				GCC_WARN_UNDECLARED_SELECTOR = YES;
				GCC_WARN_UNINITIALIZED_AUTOS = YES_AGGRESSIVE;
				GCC_WARN_UNUSED_FUNCTION = YES;
				GCC_WARN_UNUSED_VARIABLE = YES;
				IPHONEOS_DEPLOYMENT_TARGET = 26.0;
				LOCALIZATION_PREFERS_STRING_CATALOGS = YES;
				MTL_ENABLE_DEBUG_INFO = INCLUDE_SOURCE;
				MTL_FAST_MATH = YES;
				ONLY_ACTIVE_ARCH = YES;
				SDKROOT = iphoneos;
				STRING_CATALOG_GENERATE_SYMBOLS = YES;
				SWIFT_ACTIVE_COMPILATION_CONDITIONS = "DEBUG $(inherited)";
				SWIFT_OPTIMIZATION_LEVEL = "-Onone";
			};
			name = Debug;
		};
		2B7458142C98569D003184F2 /* Release */ = {
			isa = XCBuildConfiguration;
			buildSettings = {
				ALWAYS_SEARCH_USER_PATHS = NO;
				ASSETCATALOG_COMPILER_GENERATE_SWIFT_ASSET_SYMBOL_EXTENSIONS = YES;
				CLANG_ANALYZER_NONNULL = YES;
				CLANG_ANALYZER_NUMBER_OBJECT_CONVERSION = YES_AGGRESSIVE;
				CLANG_CXX_LANGUAGE_STANDARD = "gnu++20";
				CLANG_ENABLE_MODULES = YES;
				CLANG_ENABLE_OBJC_ARC = YES;
				CLANG_ENABLE_OBJC_WEAK = YES;
				CLANG_WARN_BLOCK_CAPTURE_AUTORELEASING = YES;
				CLANG_WARN_BOOL_CONVERSION = YES;
				CLANG_WARN_COMMA = YES;
				CLANG_WARN_CONSTANT_CONVERSION = YES;
				CLANG_WARN_DEPRECATED_OBJC_IMPLEMENTATIONS = YES;
				CLANG_WARN_DIRECT_OBJC_ISA_USAGE = YES_ERROR;
				CLANG_WARN_DOCUMENTATION_COMMENTS = YES;
				CLANG_WARN_EMPTY_BODY = YES;
				CLANG_WARN_ENUM_CONVERSION = YES;
				CLANG_WARN_INFINITE_RECURSION = YES;
				CLANG_WARN_INT_CONVERSION = YES;
				CLANG_WARN_NON_LITERAL_NULL_CONVERSION = YES;
				CLANG_WARN_OBJC_IMPLICIT_RETAIN_SELF = YES;
				CLANG_WARN_OBJC_LITERAL_CONVERSION = YES;
				CLANG_WARN_OBJC_ROOT_CLASS = YES_ERROR;
				CLANG_WARN_QUOTED_INCLUDE_IN_FRAMEWORK_HEADER = YES;
				CLANG_WARN_RANGE_LOOP_ANALYSIS = YES;
				CLANG_WARN_STRICT_PROTOTYPES = YES;
				CLANG_WARN_SUSPICIOUS_MOVE = YES;
				CLANG_WARN_UNGUARDED_AVAILABILITY = YES_AGGRESSIVE;
				CLANG_WARN_UNREACHABLE_CODE = YES;
				CLANG_WARN__DUPLICATE_METHOD_MATCH = YES;
				COPY_PHASE_STRIP = NO;
				DEBUG_INFORMATION_FORMAT = "dwarf-with-dsym";
				DEVELOPMENT_TEAM = C9FU286T96;
				ENABLE_NS_ASSERTIONS = NO;
				ENABLE_STRICT_OBJC_MSGSEND = YES;
				ENABLE_USER_SCRIPT_SANDBOXING = YES;
				GCC_C_LANGUAGE_STANDARD = gnu17;
				GCC_NO_COMMON_BLOCKS = YES;
				GCC_WARN_64_TO_32_BIT_CONVERSION = YES;
				GCC_WARN_ABOUT_RETURN_TYPE = YES_ERROR;
				GCC_WARN_UNDECLARED_SELECTOR = YES;
				GCC_WARN_UNINITIALIZED_AUTOS = YES_AGGRESSIVE;
				GCC_WARN_UNUSED_FUNCTION = YES;
				GCC_WARN_UNUSED_VARIABLE = YES;
				IPHONEOS_DEPLOYMENT_TARGET = 26.0;
				LOCALIZATION_PREFERS_STRING_CATALOGS = YES;
				MTL_ENABLE_DEBUG_INFO = NO;
				MTL_FAST_MATH = YES;
				SDKROOT = iphoneos;
				STRING_CATALOG_GENERATE_SYMBOLS = YES;
				SWIFT_COMPILATION_MODE = wholemodule;
				VALIDATE_PRODUCT = YES;
			};
			name = Release;
		};
		2B7458162C98569D003184F2 /* Debug */ = {
			isa = XCBuildConfiguration;
			buildSettings = {
				ASSETCATALOG_COMPILER_APPICON_NAME = AppIcon;
				ASSETCATALOG_COMPILER_GLOBAL_ACCENT_COLOR_NAME = AccentColor;
				CLANG_ENABLE_MODULES = YES;
				CODE_SIGN_ENTITLEMENTS = WebRTCDemo/WebRTCDemo.entitlements;
				CODE_SIGN_STYLE = Automatic;
				CURRENT_PROJECT_VERSION = 1;
				ENABLE_USER_SCRIPT_SANDBOXING = NO;
				GENERATE_INFOPLIST_FILE = YES;
				INFOPLIST_FILE = WebRTCDemo/Info.plist;
				INFOPLIST_KEY_NSCameraUsageDescription = "Need access to camera";
				INFOPLIST_KEY_NSMicrophoneUsageDescription = "Need microphone access";
				INFOPLIST_KEY_UIApplicationSupportsIndirectInputEvents = YES;
				INFOPLIST_KEY_UILaunchStoryboardName = LaunchScreen;
				INFOPLIST_KEY_UISupportedInterfaceOrientations_iPad = "UIInterfaceOrientationPortrait UIInterfaceOrientationPortraitUpsideDown UIInterfaceOrientationLandscapeLeft UIInterfaceOrientationLandscapeRight";
				INFOPLIST_KEY_UISupportedInterfaceOrientations_iPhone = "UIInterfaceOrientationPortrait UIInterfaceOrientationLandscapeLeft UIInterfaceOrientationLandscapeRight";
				IPHONEOS_DEPLOYMENT_TARGET = 26.0;
				LD_RUNPATH_SEARCH_PATHS = (
					"$(inherited)",
					"@executable_path/Frameworks",
				);
				MARKETING_VERSION = 1.0;
				PRODUCT_BUNDLE_IDENTIFIER = com.ducmai.example.WebRTCDemo;
				PRODUCT_NAME = "$(TARGET_NAME)";
				SWIFT_EMIT_LOC_STRINGS = YES;
				SWIFT_OBJC_BRIDGING_HEADER = "WebRTCDemo/WebRTCDemo-Bridging-Header.h";
				SWIFT_OPTIMIZATION_LEVEL = "-Onone";
				SWIFT_VERSION = 5.0;
				TARGETED_DEVICE_FAMILY = "1,2";
			};
			name = Debug;
		};
		2B7458172C98569D003184F2 /* Release */ = {
			isa = XCBuildConfiguration;
			buildSettings = {
				ASSETCATALOG_COMPILER_APPICON_NAME = AppIcon;
				ASSETCATALOG_COMPILER_GLOBAL_ACCENT_COLOR_NAME = AccentColor;
				CLANG_ENABLE_MODULES = YES;
				CODE_SIGN_ENTITLEMENTS = WebRTCDemo/WebRTCDemo.entitlements;
				CODE_SIGN_STYLE = Automatic;
				CURRENT_PROJECT_VERSION = 1;
				ENABLE_USER_SCRIPT_SANDBOXING = NO;
				GENERATE_INFOPLIST_FILE = YES;
				INFOPLIST_FILE = WebRTCDemo/Info.plist;
				INFOPLIST_KEY_NSCameraUsageDescription = "Need access to camera";
				INFOPLIST_KEY_NSMicrophoneUsageDescription = "Need microphone access";
				INFOPLIST_KEY_UIApplicationSupportsIndirectInputEvents = YES;
				INFOPLIST_KEY_UILaunchStoryboardName = LaunchScreen;
				INFOPLIST_KEY_UISupportedInterfaceOrientations_iPad = "UIInterfaceOrientationPortrait UIInterfaceOrientationPortraitUpsideDown UIInterfaceOrientationLandscapeLeft UIInterfaceOrientationLandscapeRight";
				INFOPLIST_KEY_UISupportedInterfaceOrientations_iPhone = "UIInterfaceOrientationPortrait UIInterfaceOrientationLandscapeLeft UIInterfaceOrientationLandscapeRight";
				IPHONEOS_DEPLOYMENT_TARGET = 26.0;
				LD_RUNPATH_SEARCH_PATHS = (
					"$(inherited)",
					"@executable_path/Frameworks",
				);
				MARKETING_VERSION = 1.0;
				PRODUCT_BUNDLE_IDENTIFIER = com.ducmai.example.WebRTCDemo;
				PRODUCT_NAME = "$(TARGET_NAME)";
				SWIFT_EMIT_LOC_STRINGS = YES;
				SWIFT_OBJC_BRIDGING_HEADER = "WebRTCDemo/WebRTCDemo-Bridging-Header.h";
				SWIFT_VERSION = 5.0;
				TARGETED_DEVICE_FAMILY = "1,2";
			};
			name = Release;
		};
		2BF2E22D2CA14F2E003EFE08 /* Debug */ = {
			isa = XCBuildConfiguration;
			buildSettings = {
				CODE_SIGN_ENTITLEMENTS = WebRTCDemoScreenBroadcast/WebRTCDemoScreenBroadcast.entitlements;
				CODE_SIGN_STYLE = Automatic;
				CURRENT_PROJECT_VERSION = 1;
				GENERATE_INFOPLIST_FILE = YES;
				INFOPLIST_FILE = WebRTCDemoScreenBroadcast/Info.plist;
				INFOPLIST_KEY_CFBundleDisplayName = WebRTCDemoScreenBroadcast;
				INFOPLIST_KEY_NSHumanReadableCopyright = "";
				IPHONEOS_DEPLOYMENT_TARGET = 26.0;
				LD_RUNPATH_SEARCH_PATHS = (
					"$(inherited)",
					"@executable_path/Frameworks",
					"@executable_path/../../Frameworks",
				);
				MARKETING_VERSION = 1.0;
				PRODUCT_BUNDLE_IDENTIFIER = com.ducmai.example.WebRTCDemo.WebRTCDemoScreenBroadcast;
				PRODUCT_NAME = "$(TARGET_NAME)";
				SKIP_INSTALL = YES;
				SWIFT_EMIT_LOC_STRINGS = YES;
				SWIFT_VERSION = 5.0;
				TARGETED_DEVICE_FAMILY = "1,2";
			};
			name = Debug;
		};
		2BF2E22E2CA14F2E003EFE08 /* Release */ = {
			isa = XCBuildConfiguration;
			buildSettings = {
				CODE_SIGN_ENTITLEMENTS = WebRTCDemoScreenBroadcast/WebRTCDemoScreenBroadcast.entitlements;
				CODE_SIGN_STYLE = Automatic;
				CURRENT_PROJECT_VERSION = 1;
				GENERATE_INFOPLIST_FILE = YES;
				INFOPLIST_FILE = WebRTCDemoScreenBroadcast/Info.plist;
				INFOPLIST_KEY_CFBundleDisplayName = WebRTCDemoScreenBroadcast;
				INFOPLIST_KEY_NSHumanReadableCopyright = "";
				IPHONEOS_DEPLOYMENT_TARGET = 26.0;
				LD_RUNPATH_SEARCH_PATHS = (
					"$(inherited)",
					"@executable_path/Frameworks",
					"@executable_path/../../Frameworks",
				);
				MARKETING_VERSION = 1.0;
				PRODUCT_BUNDLE_IDENTIFIER = com.ducmai.example.WebRTCDemo.WebRTCDemoScreenBroadcast;
				PRODUCT_NAME = "$(TARGET_NAME)";
				SKIP_INSTALL = YES;
				SWIFT_EMIT_LOC_STRINGS = YES;
				SWIFT_VERSION = 5.0;
				TARGETED_DEVICE_FAMILY = "1,2";
			};
			name = Release;
		};
		2BF2E22F2CA14F2E003EFE08 /* Debug */ = {
			isa = XCBuildConfiguration;
			buildSettings = {
				CODE_SIGN_STYLE = Automatic;
				CURRENT_PROJECT_VERSION = 1;
				GENERATE_INFOPLIST_FILE = YES;
				INFOPLIST_FILE = WebRTCDemoScreenBroadcastSetupUI/Info.plist;
				INFOPLIST_KEY_CFBundleDisplayName = WebRTCDemoScreenBroadcastSetupUI;
				INFOPLIST_KEY_NSHumanReadableCopyright = "";
				LD_RUNPATH_SEARCH_PATHS = (
					"$(inherited)",
					"@executable_path/Frameworks",
					"@executable_path/../../Frameworks",
				);
				MARKETING_VERSION = 1.0;
				PRODUCT_BUNDLE_IDENTIFIER = com.ducmai.example.WebRTCDemo.WebRTCDemoScreenBroadcastSetupUI;
				PRODUCT_NAME = "$(TARGET_NAME)";
				SKIP_INSTALL = YES;
				SWIFT_EMIT_LOC_STRINGS = YES;
				SWIFT_VERSION = 5.0;
				TARGETED_DEVICE_FAMILY = "1,2";
			};
			name = Debug;
		};
		2BF2E2302CA14F2E003EFE08 /* Release */ = {
			isa = XCBuildConfiguration;
			buildSettings = {
				CODE_SIGN_STYLE = Automatic;
				CURRENT_PROJECT_VERSION = 1;
				GENERATE_INFOPLIST_FILE = YES;
				INFOPLIST_FILE = WebRTCDemoScreenBroadcastSetupUI/Info.plist;
				INFOPLIST_KEY_CFBundleDisplayName = WebRTCDemoScreenBroadcastSetupUI;
				INFOPLIST_KEY_NSHumanReadableCopyright = "";
				LD_RUNPATH_SEARCH_PATHS = (
					"$(inherited)",
					"@executable_path/Frameworks",
					"@executable_path/../../Frameworks",
				);
				MARKETING_VERSION = 1.0;
				PRODUCT_BUNDLE_IDENTIFIER = com.ducmai.example.WebRTCDemo.WebRTCDemoScreenBroadcastSetupUI;
				PRODUCT_NAME = "$(TARGET_NAME)";
				SKIP_INSTALL = YES;
				SWIFT_EMIT_LOC_STRINGS = YES;
				SWIFT_VERSION = 5.0;
				TARGETED_DEVICE_FAMILY = "1,2";
			};
			name = Release;
		};
		2BE300062F40C00100E2EE01 /* Debug */ = {
			isa = XCBuildConfiguration;
			buildSettings = {
				ASSETCATALOG_COMPILER_APPICON_NAME = MacAppIcon;
				ASSETCATALOG_COMPILER_GLOBAL_ACCENT_COLOR_NAME = AccentColor;
				CODE_SIGN_ENTITLEMENTS = WebRTCDemoMac/WebRTCDemoMac.entitlements;
				CODE_SIGN_STYLE = Automatic;
				COMBINE_HIDPI_IMAGES = YES;
				CURRENT_PROJECT_VERSION = 1;
				DEAD_CODE_STRIPPING = YES;
				ENABLE_HARDENED_RUNTIME = YES;
				ENABLE_USER_SCRIPT_SANDBOXING = NO;
				GENERATE_INFOPLIST_FILE = YES;
				INFOPLIST_FILE = WebRTCDemoMac/Info.plist;
				INFOPLIST_KEY_CFBundleDisplayName = "WebRTC Demo";
				INFOPLIST_KEY_LSApplicationCategoryType = "public.app-category.social-networking";
				INFOPLIST_KEY_NSHumanReadableCopyright = "";
				LD_RUNPATH_SEARCH_PATHS = (
					"$(inherited)",
					"@executable_path/../Frameworks",
				);
				MACOSX_DEPLOYMENT_TARGET = 26.0;
				MARKETING_VERSION = 1.0;
				PRODUCT_BUNDLE_IDENTIFIER = com.ducmai.example.WebRTCDemoMac;
				PRODUCT_MODULE_NAME = WebRTCDemoMac;
				PRODUCT_NAME = "WebRTC Demo";
				SDKROOT = macosx;
				SUPPORTED_PLATFORMS = macosx;
				SWIFT_ACTIVE_COMPILATION_CONDITIONS = "DEBUG $(inherited)";
				SWIFT_EMIT_LOC_STRINGS = YES;
				SWIFT_VERSION = 5.0;
			};
			name = Debug;
		};
		2BE300072F40C00100E2EE01 /* Release */ = {
			isa = XCBuildConfiguration;
			buildSettings = {
				ASSETCATALOG_COMPILER_APPICON_NAME = MacAppIcon;
				ASSETCATALOG_COMPILER_GLOBAL_ACCENT_COLOR_NAME = AccentColor;
				CODE_SIGN_ENTITLEMENTS = WebRTCDemoMac/WebRTCDemoMac.entitlements;
				CODE_SIGN_STYLE = Automatic;
				COMBINE_HIDPI_IMAGES = YES;
				CURRENT_PROJECT_VERSION = 1;
				DEAD_CODE_STRIPPING = YES;
				ENABLE_HARDENED_RUNTIME = YES;
				ENABLE_USER_SCRIPT_SANDBOXING = NO;
				GENERATE_INFOPLIST_FILE = YES;
				INFOPLIST_FILE = WebRTCDemoMac/Info.plist;
				INFOPLIST_KEY_CFBundleDisplayName = "WebRTC Demo";
				INFOPLIST_KEY_LSApplicationCategoryType = "public.app-category.social-networking";
				INFOPLIST_KEY_NSHumanReadableCopyright = "";
				LD_RUNPATH_SEARCH_PATHS = (
					"$(inherited)",
					"@executable_path/../Frameworks",
				);
				MACOSX_DEPLOYMENT_TARGET = 26.0;
				MARKETING_VERSION = 1.0;
				PRODUCT_BUNDLE_IDENTIFIER = com.ducmai.example.WebRTCDemoMac;
				PRODUCT_MODULE_NAME = WebRTCDemoMac;
				PRODUCT_NAME = "WebRTC Demo";
				SDKROOT = macosx;
				SUPPORTED_PLATFORMS = macosx;
				SWIFT_EMIT_LOC_STRINGS = YES;
				SWIFT_VERSION = 5.0;
			};
			name = Release;
		};
/* End XCBuildConfiguration section */

/* Begin XCConfigurationList section */
		2B7457FC2C98569C003184F2 /* Build configuration list for PBXProject "WebRTCDemo" */ = {
			isa = XCConfigurationList;
			buildConfigurations = (
				2B7458132C98569D003184F2 /* Debug */,
				2B7458142C98569D003184F2 /* Release */,
			);
			defaultConfigurationIsVisible = 0;
			defaultConfigurationName = Release;
		};
		2B7458152C98569D003184F2 /* Build configuration list for PBXNativeTarget "WebRTCDemo" */ = {
			isa = XCConfigurationList;
			buildConfigurations = (
				2B7458162C98569D003184F2 /* Debug */,
				2B7458172C98569D003184F2 /* Release */,
			);
			defaultConfigurationIsVisible = 0;
			defaultConfigurationName = Release;
		};
		2BF2E2312CA14F2E003EFE08 /* Build configuration list for PBXNativeTarget "WebRTCDemoScreenBroadcastSetupUI" */ = {
			isa = XCConfigurationList;
			buildConfigurations = (
				2BF2E22F2CA14F2E003EFE08 /* Debug */,
				2BF2E2302CA14F2E003EFE08 /* Release */,
			);
			defaultConfigurationIsVisible = 0;
			defaultConfigurationName = Release;
		};
		2BF2E2322CA14F2E003EFE08 /* Build configuration list for PBXNativeTarget "WebRTCDemoScreenBroadcast" */ = {
			isa = XCConfigurationList;
			buildConfigurations = (
				2BF2E22D2CA14F2E003EFE08 /* Debug */,
				2BF2E22E2CA14F2E003EFE08 /* Release */,
			);
			defaultConfigurationIsVisible = 0;
			defaultConfigurationName = Release;
		};
		2BE300052F40C00100E2EE01 /* Build configuration list for PBXNativeTarget "WebRTCDemoMac" */ = {
			isa = XCConfigurationList;
			buildConfigurations = (
				2BE300062F40C00100E2EE01 /* Debug */,
				2BE300072F40C00100E2EE01 /* Release */,
			);
			defaultConfigurationIsVisible = 0;
			defaultConfigurationName = Release;
		};
/* End XCConfigurationList section */

/* Begin XCLocalSwiftPackageReference section */
		2BE300112F40C00100E2EE01 /* XCLocalSwiftPackageReference "Packages/WebRTC" */ = {
			isa = XCLocalSwiftPackageReference;
			relativePath = Packages/WebRTC;
		};
/* End XCLocalSwiftPackageReference section */

/* Begin XCSwiftPackageProductDependency section */
		2BE300202F40C00100E2EE01 /* WebRTC */ = {
			isa = XCSwiftPackageProductDependency;
			package = 2BE300112F40C00100E2EE01 /* XCLocalSwiftPackageReference "Packages/WebRTC" */;
			productName = WebRTC;
		};
		2BE300222F40C00100E2EE01 /* WebRTC */ = {
			isa = XCSwiftPackageProductDependency;
			package = 2BE300112F40C00100E2EE01 /* XCLocalSwiftPackageReference "Packages/WebRTC" */;
			productName = WebRTC;
		};
/* End XCSwiftPackageProductDependency section */
	};
	rootObject = 2B7457F92C98569C003184F2 /* Project object */;
}