// !$*UTF8*$!
{
	archiveVersion = 1;
	classes = {
	};
	objectVersion = 51;
	objects = {

/* Begin PBXBuildFile section */
		39F20DD4ABF7322F6E36501E /* Pods_WebRTCDemoTests.framework in Frameworks */ = {isa = PBXBuildFile; fileRef = 4E3563B952AA7DE6053C9F42 /* Pods_WebRTCDemoTests.framework */; };
		663ACD282441B29400BCD21A /* CameraSession.swift in Sources */ = {isa = PBXBuildFile; fileRef = 663ACD272441B29400BCD21A /* CameraSession.swift */; };
		663ACD2A2441BF9500BCD21A /* WebRTCClient.swift in Sources */ = {isa = PBXBuildFile; fileRef = 663ACD292441BF9500BCD21A /* WebRTCClient.swift */; };
		667CD0952440729F0097E556 /* AppDelegate.swift in Sources */ = {isa = PBXBuildFile; fileRef = 667CD0942440729F0097E556 /* AppDelegate.swift */; };
		667CD0972440729F0097E556 /* SceneDelegate.swift in Sources */ = {isa = PBXBuildFile; fileRef = 667CD0962440729F0097E556 /* SceneDelegate.swift */; };
		667CD0992440729F0097E556 /* ViewController.swift in Sources */ = {isa = PBXBuildFile; fileRef = 667CD0982440729F0097E556 /* ViewController.swift */; };
		667CD09C2440729F0097E556 /* Main.storyboard in Resources */ = {isa = PBXBuildFile; fileRef = 667CD09A2440729F0097E556 /* Main.storyboard */; };
		667CD09E244072A00097E556 /* Assets.xcassets in Resources */ = {isa = PBXBuildFile; fileRef = 667CD09D244072A00097E556 /* Assets.xcassets */; };
		667CD0A1244072A00097E556 /* LaunchScreen.storyboard in Resources */ = {isa = PBXBuildFile; fileRef = 667CD09F244072A00097E556 /* LaunchScreen.storyboard */; };
		667CD0AC244072A00097E556 /* WebRTCDemoTests.swift in Sources */ = {isa = PBXBuildFile; fileRef = 667CD0AB244072A00097E556 /* WebRTCDemoTests.swift */; };
		66894DFD2441681C00AF07FD /* RTCCustomFrameCapture.swift in Sources */ = {isa = PBXBuildFile; fileRef = 66894DFC2441681C00AF07FD /* RTCCustomFrameCapture.swift */; };
		66AE0F7D24407BC90004A4DA /* CallViewController.swift in Sources */ = {isa = PBXBuildFile; fileRef = 66AE0F7C24407BC90004A4DA /* CallViewController.swift */; };
		FF74A3B07AB35169DF13284B /* Pods_WebRTCDemo.framework in Frameworks */ = {isa = PBXBuildFile; fileRef = 51E9689E9CA6856CF926421A /* Pods_WebRTCDemo.framework */; };
/* End PBXBuildFile section */

/* Begin PBXContainerItemProxy section */
		667CD0A8244072A00097E556 /* PBXContainerItemProxy */ = {
			isa = PBXContainerItemProxy;
			containerPortal = 667CD0892440729F0097E556 /* Project object */;
			proxyType = 1;
			remoteGlobalIDString = 667CD0902440729F0097E556;
			remoteInfo = WebRTCDemo;
		};
/* End PBXContainerItemProxy section */

/* Begin PBXFileReference section */
		03F0FEA88E959DF31AF23699 /* Pods-WebRTCDemoTests.release.xcconfig */ = {isa = PBXFileReference; includeInIndex = 1; lastKnownFileType = text.xcconfig; name = "Pods-WebRTCDemoTests.release.xcconfig"; path = "Target Support Files/Pods-WebRTCDemoTests/Pods-WebRTCDemoTests.release.xcconfig"; sourceTree = "<group>"; };
		0F79C665275170FB630B985E /* Pods-WebRTCDemoTests.debug.xcconfig */ = {isa = PBXFileReference; includeInIndex = 1; lastKnownFileType = text.xcconfig; name = "Pods-WebRTCDemoTests.debug.xcconfig"; path = "Target Support Files/Pods-WebRTCDemoTests/Pods-WebRTCDemoTests.debug.xcconfig"; sourceTree = "<group>"; };
		18D252A601460DB64D0F95AE /* Pods-WebRTCDemo.debug.xcconfig */ = {isa = PBXFileReference; includeInIndex = 1; lastKnownFileType = text.xcconfig; name = "Pods-WebRTCDemo.debug.xcconfig"; path = "Target Support Files/Pods-WebRTCDemo/Pods-WebRTCDemo.debug.xcconfig"; sourceTree = "<group>"; };
		4E3563B952AA7DE6053C9F42 /* Pods_WebRTCDemoTests.framework */ = {isa = PBXFileReference; explicitFileType = wrapper.framework; includeInIndex = 0; path = Pods_WebRTCDemoTests.framework; sourceTree = BUILT_PRODUCTS_DIR; };
		51E9689E9CA6856CF926421A /* Pods_WebRTCDemo.framework */ = {isa = PBXFileReference; explicitFileType = wrapper.framework; includeInIndex = 0; path = Pods_WebRTCDemo.framework; sourceTree = BUILT_PRODUCTS_DIR; };
		663ACD272441B29400BCD21A /* CameraSession.swift */ = {isa = PBXFileReference; lastKnownFileType = sourcecode.swift; path = CameraSession.swift; sourceTree = "<group>"; };
		663ACD292441BF9500BCD21A /* WebRTCClient.swift */ = {isa = PBXFileReference; lastKnownFileType = sourcecode.swift; path = WebRTCClient.swift; sourceTree = "<group>"; };
		667CD0912440729F0097E556 /* WebRTCDemo.app */ = {isa = PBXFileReference; explicitFileType = wrapper.application; includeInIndex = 0; path = WebRTCDemo.app; sourceTree = BUILT_PRODUCTS_DIR; };
		667CD0942440729F0097E556 /* AppDelegate.swift */ = {isa = PBXFileReference; lastKnownFileType = sourcecode.swift; path = AppDelegate.swift; sourceTree = "<group>"; };
		667CD0962440729F0097E556 /* SceneDelegate.swift */ = {isa = PBXFileReference; lastKnownFileType = sourcecode.swift; path = SceneDelegate.swift; sourceTree = "<group>"; };
		667CD0982440729F0097E556 /* ViewController.swift */ = {isa = PBXFileReference; lastKnownFileType = sourcecode.swift; path = ViewController.swift; sourceTree = "<group>"; };
		667CD09B2440729F0097E556 /* Base */ = {isa = PBXFileReference; lastKnownFileType = file.storyboard; name = Base; path = Base.lproj/Main.storyboard; sourceTree = "<group>"; };
		667CD09D244072A00097E556 /* Assets.xcassets */ = {isa = PBXFileReference; lastKnownFileType = folder.assetcatalog; path = Assets.xcassets; sourceTree = "<group>"; };
		667CD0A0244072A00097E556 /* Base */ = {isa = PBXFileReference; lastKnownFileType = file.storyboard; name = Base; path = Base.lproj/LaunchScreen.storyboard; sourceTree = "<group>"; };
		667CD0A2244072A00097E556 /* Info.plist */ = {isa = PBXFileReference; lastKnownFileType = text.plist.xml; path = Info.plist; sourceTree = "<group>"; };
		667CD0A7244072A00097E556 /* WebRTCDemoTests.xctest */ = {isa = PBXFileReference; explicitFileType = wrapper.cfbundle; includeInIndex = 0; path = WebRTCDemoTests.xctest; sourceTree = BUILT_PRODUCTS_DIR; };
		667CD0AB244072A00097E556 /* WebRTCDemoTests.swift */ = {isa = PBXFileReference; lastKnownFileType = sourcecode.swift; path = WebRTCDemoTests.swift; sourceTree = "<group>"; };
		667CD0AD244072A00097E556 /* Info.plist */ = {isa = PBXFileReference; lastKnownFileType = text.plist.xml; path = Info.plist; sourceTree = "<group>"; };
		66894DFC2441681C00AF07FD /* RTCCustomFrameCapture.swift */ = {isa = PBXFileReference; lastKnownFileType = sourcecode.swift; path = RTCCustomFrameCapture.swift; sourceTree = "<group>"; };
		66AE0F7C24407BC90004A4DA /* CallViewController.swift */ = {isa = PBXFileReference; lastKnownFileType = sourcecode.swift; path = CallViewController.swift; sourceTree = "<group>"; };
		D2024A7EF98C3B28BAF3F5D1 /* Pods-WebRTCDemo.release.xcconfig */ = {isa = PBXFileReference; includeInIndex = 1; lastKnownFileType = text.xcconfig; name = "Pods-WebRTCDemo.release.xcconfig"; path = "Target Support Files/Pods-WebRTCDemo/Pods-WebRTCDemo.release.xcconfig"; sourceTree = "<group>"; };
/* End PBXFileReference section */

/* Begin PBXFrameworksBuildPhase section */
		667CD08E2440729F0097E556 /* Frameworks */ = {
			isa = PBXFrameworksBuildPhase;
			buildActionMask = 2147483647;
			files = (
				FF74A3B07AB35169DF13284B /* Pods_WebRTCDemo.framework in Frameworks */,
			);
			runOnlyForDeploymentPostprocessing = 0;
		};
		667CD0A4244072A00097E556 /* Frameworks */ = {
			isa = PBXFrameworksBuildPhase;
			buildActionMask = 2147483647;
			files = (
				39F20DD4ABF7322F6E36501E /* Pods_WebRTCDemoTests.framework in Frameworks */,
			);
			runOnlyForDeploymentPostprocessing = 0;
		};
/* End PBXFrameworksBuildPhase section */

/* Begin PBXGroup section */
		667CD0882440729F0097E556 = {
			isa = PBXGroup;
			children = (
				667CD0932440729F0097E556 /* WebRTCDemo */,
				667CD0AA244072A00097E556 /* WebRTCDemoTests */,
				667CD0922440729F0097E556 /* Products */,
				8B674209D86F1EEA9F892D1B /* Pods */,
				90F5BEE02F77D4B4EDCD1953 /* Frameworks */,
			);
			sourceTree = "<group>";
		};
		667CD0922440729F0097E556 /* Products */ = {
			isa = PBXGroup;
			children = (
				667CD0912440729F0097E556 /* WebRTCDemo.app */,
				667CD0A7244072A00097E556 /* WebRTCDemoTests.xctest */,
			);
			name = Products;
			sourceTree = "<group>";
		};
		667CD0932440729F0097E556 /* WebRTCDemo */ = {
			isa = PBXGroup;
			children = (
				667CD0942440729F0097E556 /* AppDelegate.swift */,
				667CD0962440729F0097E556 /* SceneDelegate.swift */,
				667CD0982440729F0097E556 /* ViewController.swift */,
				66AE0F7C24407BC90004A4DA /* CallViewController.swift */,
				663ACD272441B29400BCD21A /* CameraSession.swift */,
				663ACD292441BF9500BCD21A /* WebRTCClient.swift */,
				66894DFC2441681C00AF07FD /* RTCCustomFrameCapture.swift */,
				667CD09A2440729F0097E556 /* Main.storyboard */,
				667CD09D244072A00097E556 /* Assets.xcassets */,
				667CD09F244072A00097E556 /* LaunchScreen.storyboard */,
				667CD0A2244072A00097E556 /* Info.plist */,
			);
			path = WebRTCDemo;
			sourceTree = "<group>";
		};
		667CD0AA244072A00097E556 /* WebRTCDemoTests */ = {
			isa = PBXGroup;
			children = (
				667CD0AB244072A00097E556 /* WebRTCDemoTests.swift */,
				667CD0AD244072A00097E556 /* Info.plist */,
			);
			path = WebRTCDemoTests;
			sourceTree = "<group>";
		};
		8B674209D86F1EEA9F892D1B /* Pods */ = {
			isa = PBXGroup;
			children = (
				18D252A601460DB64D0F95AE /* Pods-WebRTCDemo.debug.xcconfig */,
				D2024A7EF98C3B28BAF3F5D1 /* Pods-WebRTCDemo.release.xcconfig */,
				0F79C665275170FB630B985E /* Pods-WebRTCDemoTests.debug.xcconfig */,
				03F0FEA88E959DF31AF23699 /* Pods-WebRTCDemoTests.release.xcconfig */,
			);
			path = Pods;
			sourceTree = "<group>";
		};
		90F5BEE02F77D4B4EDCD1953 /* Frameworks */ = {
			isa = PBXGroup;
			children = (
				51E9689E9CA6856CF926421A /* Pods_WebRTCDemo.framework */,
				4E3563B952AA7DE6053C9F42 /* Pods_WebRTCDemoTests.framework */,
			);
			name = Frameworks;
			sourceTree = "<group>";
		};
/* End PBXGroup section */

/* Begin PBXNativeTarget section */
		667CD0902440729F0097E556 /* WebRTCDemo */ = {
			isa = PBXNativeTarget;
			buildConfigurationList = 667CD0B0244072A10097E556 /* Build configuration list for PBXNativeTarget "WebRTCDemo" */;
			buildPhases = (
				2F4ED87E30599DC40AE6E780 /* [CP] Check Pods Manifest.lock */,
				667CD08D2440729F0097E556 /* Sources */,
				667CD08E2440729F0097E556 /* Frameworks */,
				667CD08F2440729F0097E556 /* Resources */,
				A9542C4500DDF9A3BBFB437E /* [CP] Embed Pods Frameworks */,
			);
			buildRules = (
			);
			dependencies = (
			);
			name = WebRTCDemo;
			productName = WebRTCDemo;
			productReference = 667CD0912440729F0097E556 /* WebRTCDemo.app */;
			productType = "com.apple.product-type.application";
		};
		667CD0A6244072A00097E556 /* WebRTCDemoTests */ = {
			isa = PBXNativeTarget;
			buildConfigurationList = 667CD0B3244072A10097E556 /* Build configuration list for PBXNativeTarget "WebRTCDemoTests" */;
			buildPhases = (
				9CD7DC97316438FE7C268740 /* [CP] Check Pods Manifest.lock */,
				667CD0A3244072A00097E556 /* Sources */,
				667CD0A4244072A00097E556 /* Frameworks */,
				667CD0A5244072A00097E556 /* Resources */,
			);
			buildRules = (
			);
			dependencies = (
				667CD0A9244072A00097E556 /* PBXTargetDependency */,
			);
			name = WebRTCDemoTests;
			productName = WebRTCDemoTests;
			productReference = 667CD0A7244072A00097E556 /* WebRTCDemoTests.xctest */;
			productType = "com.apple.product-type.bundle.unit-test";
		};
/* End PBXNativeTarget section */

/* Begin PBXProject section */
		667CD0892440729F0097E556 /* Project object */ = {
			isa = PBXProject;
			attributes = {
				LastSwiftUpdateCheck = 1130;
				LastUpgradeCheck = 1130;
				ORGANIZATIONNAME = "Mai Trung Duc";
				TargetAttributes = {
					667CD0902440729F0097E556 = {
						CreatedOnToolsVersion = 11.3;
					};
					667CD0A6244072A00097E556 = {
						CreatedOnToolsVersion = 11.3;
						TestTargetID = 667CD0902440729F0097E556;
					};
				};
			};
			buildConfigurationList = 667CD08C2440729F0097E556 /* Build configuration list for PBXProject "WebRTCDemo" */;
			compatibilityVersion = "Xcode 9.3";
			developmentRegion = en;
			hasScannedForEncodings = 0;
			knownRegions = (
				en,
				Base,
			);
			mainGroup = 667CD0882440729F0097E556;
			productRefGroup = 667CD0922440729F0097E556 /* Products */;
			projectDirPath = "";
			projectRoot = "";
			targets = (
				667CD0902440729F0097E556 /* WebRTCDemo */,
				667CD0A6244072A00097E556 /* WebRTCDemoTests */,
			);
		};
/* End PBXProject section */

/* Begin PBXResourcesBuildPhase section */
		667CD08F2440729F0097E556 /* Resources */ = {
			isa = PBXResourcesBuildPhase;
			buildActionMask = 2147483647;
			files = (
				667CD0A1244072A00097E556 /* LaunchScreen.storyboard in Resources */,
				667CD09E244072A00097E556 /* Assets.xcassets in Resources */,
				667CD09C2440729F0097E556 /* Main.storyboard in Resources */,
			);
			runOnlyForDeploymentPostprocessing = 0;
		};
		667CD0A5244072A00097E556 /* Resources */ = {
			isa = PBXResourcesBuildPhase;
			buildActionMask = 2147483647;
			files = (
			);
			runOnlyForDeploymentPostprocessing = 0;
		};
/* End PBXResourcesBuildPhase section */

/* Begin PBXShellScriptBuildPhase section */
		2F4ED87E30599DC40AE6E780 /* [CP] Check Pods Manifest.lock */ = {
			isa = PBXShellScriptBuildPhase;
			buildActionMask = 2147483647;
			files = (
			);
			inputFileListPaths = (
			);
			inputPaths = (
				"${PODS_PODFILE_DIR_PATH}/Podfile.lock",
				"${PODS_ROOT}/Manifest.lock",
			);
			name = "[CP] Check Pods Manifest.lock";
			outputFileListPaths = (
			);
			outputPaths = (
				"$(DERIVED_FILE_DIR)/Pods-WebRTCDemo-checkManifestLockResult.txt",
			);
			runOnlyForDeploymentPostprocessing = 0;
			shellPath = /bin/sh;
			shellScript = "diff \"${PODS_PODFILE_DIR_PATH}/Podfile.lock\" \"${PODS_ROOT}/Manifest.lock\" > /dev/null\nif [ $? != 0 ] ; then\n    # print error to STDERR\n    echo \"error: The sandbox is not in sync with the Podfile.lock. Run 'pod install' or update your CocoaPods installation.\" >&2\n    exit 1\nfi\n# This output is used by Xcode 'outputs' to avoid re-running this script phase.\necho \"SUCCESS\" > \"${SCRIPT_OUTPUT_FILE_0}\"\n";
			showEnvVarsInLog = 0;
		};
		9CD7DC97316438FE7C268740 /* [CP] Check Pods Manifest.lock */ = {
			isa = PBXShellScriptBuildPhase;
			buildActionMask = 2147483647;
			files = (
			);
			inputFileListPaths = (
			);
			inputPaths = (
				"${PODS_PODFILE_DIR_PATH}/Podfile.lock",
				"${PODS_ROOT}/Manifest.lock",
			);
			name = "[CP] Check Pods Manifest.lock";
			outputFileListPaths = (
			);
			outputPaths = (
				"$(DERIVED_FILE_DIR)/Pods-WebRTCDemoTests-checkManifestLockResult.txt",
			);
			runOnlyForDeploymentPostprocessing = 0;
			shellPath = /bin/sh;
			shellScript = "diff \"${PODS_PODFILE_DIR_PATH}/Podfile.lock\" \"${PODS_ROOT}/Manifest.lock\" > /dev/null\nif [ $? != 0 ] ; then\n    # print error to STDERR\n    echo \"error: The sandbox is not in sync with the Podfile.lock. Run 'pod install' or update your CocoaPods installation.\" >&2\n    exit 1\nfi\n# This output is used by Xcode 'outputs' to avoid re-running this script phase.\necho \"SUCCESS\" > \"${SCRIPT_OUTPUT_FILE_0}\"\n";
			showEnvVarsInLog = 0;
		};
		A9542C4500DDF9A3BBFB437E /* [CP] Embed Pods Frameworks */ = {
			isa = PBXShellScriptBuildPhase;
			buildActionMask = 2147483647;
			files = (
			);
			inputFileListPaths = (
				"${PODS_ROOT}/Target Support Files/Pods-WebRTCDemo/Pods-WebRTCDemo-frameworks-${CONFIGURATION}-input-files.xcfilelist",
			);
			name = "[CP] Embed Pods Frameworks";
			outputFileListPaths = (
				"${PODS_ROOT}/Target Support Files/Pods-WebRTCDemo/Pods-WebRTCDemo-frameworks-${CONFIGURATION}-output-files.xcfilelist",
			);
			runOnlyForDeploymentPostprocessing = 0;
			shellPath = /bin/sh;
			shellScript = "\"${PODS_ROOT}/Target Support Files/Pods-WebRTCDemo/Pods-WebRTCDemo-frameworks.sh\"\n";
			showEnvVarsInLog = 0;
		};
/* End PBXShellScriptBuildPhase section */

/* Begin PBXSourcesBuildPhase section */
		667CD08D2440729F0097E556 /* Sources */ = {
			isa = PBXSourcesBuildPhase;
			buildActionMask = 2147483647;
			files = (
				667CD0992440729F0097E556 /* ViewController.swift in Sources */,
				667CD0952440729F0097E556 /* AppDelegate.swift in Sources */,
				663ACD2A2441BF9500BCD21A /* WebRTCClient.swift in Sources */,
				66AE0F7D24407BC90004A4DA /* CallViewController.swift in Sources */,
				663ACD282441B29400BCD21A /* CameraSession.swift in Sources */,
				667CD0972440729F0097E556 /* SceneDelegate.swift in Sources */,
				66894DFD2441681C00AF07FD /* RTCCustomFrameCapture.swift in Sources */,
			);
			runOnlyForDeploymentPostprocessing = 0;
		};
		667CD0A3244072A00097E556 /* Sources */ = {
			isa = PBXSourcesBuildPhase;
			buildActionMask = 2147483647;
			files = (
				667CD0AC244072A00097E556 /* WebRTCDemoTests.swift in Sources */,
			);
			runOnlyForDeploymentPostprocessing = 0;
		};
/* End PBXSourcesBuildPhase section */

/* Begin PBXTargetDependency section */
		667CD0A9244072A00097E556 /* PBXTargetDependency */ = {
			isa = PBXTargetDependency;
			target = 667CD0902440729F0097E556 /* WebRTCDemo */;
			targetProxy = 667CD0A8244072A00097E556 /* PBXContainerItemProxy */;
		};
/* End PBXTargetDependency section */

/* Begin PBXVariantGroup section */
		667CD09A2440729F0097E556 /* Main.storyboard */ = {
			isa = PBXVariantGroup;
			children = (
				667CD09B2440729F0097E556 /* Base */,
			);
			name = Main.storyboard;
			sourceTree = "<group>";
		};
		667CD09F244072A00097E556 /* LaunchScreen.storyboard */ = {
			isa = PBXVariantGroup;
			children = (
				667CD0A0244072A00097E556 /* Base */,
			);
			name = LaunchScreen.storyboard;
			sourceTree = "<group>";
		};
/* End PBXVariantGroup section */

/* Begin XCBuildConfiguration section */
		667CD0AE244072A10097E556 /* Debug */ = {
			isa = XCBuildConfiguration;
			buildSettings = {
				ALWAYS_SEARCH_USER_PATHS = NO;
				CLANG_ANALYZER_NONNULL = YES;
				CLANG_ANALYZER_NUMBER_OBJECT_CONVERSION = YES_AGGRESSIVE;
				CLANG_CXX_LANGUAGE_STANDARD = "gnu++14";
				CLANG_CXX_LIBRARY = "libc++";
				CLANG_ENABLE_MODULES = YES;
				CLANG_ENABLE_OBJC_ARC = YES;
				CLANG_ENABLE_OBJC_WEAK = YES;
				CLANG_WARN_BLOCK_CAPTURE_AUTORELEASING = YES;
				CLANG_WARN_BOOL_CONVERSION = YES;
				CLANG_WARN_COMMA = YES;
				CLANG_WARN_CONSTANT_CONVERSION = YES;
				CLANG_WARN_DEPRECATED_OBJC_IMPLEMENTATIONS = YES;
				CLANG_WARN_DIRECT_OBJC_ISA_USAGE = YES_ERROR;
				CLANG_WARN_DOCUMENTATION_COMMENTS = YES;
				CLANG_WARN_EMPTY_BODY = YES;
				CLANG_WARN_ENUM_CONVERSION = YES;
				CLANG_WARN_INFINITE_RECURSION = YES;
				CLANG_WARN_INT_CONVERSION = YES;
				CLANG_WARN_NON_LITERAL_NULL_CONVERSION = YES;
				CLANG_WARN_OBJC_IMPLICIT_RETAIN_SELF = YES;
				CLANG_WARN_OBJC_LITERAL_CONVERSION = YES;
				CLANG_WARN_OBJC_ROOT_CLASS = YES_ERROR;
				CLANG_WARN_RANGE_LOOP_ANALYSIS = YES;
				CLANG_WARN_STRICT_PROTOTYPES = YES;
				CLANG_WARN_SUSPICIOUS_MOVE = YES;
				CLANG_WARN_UNGUARDED_AVAILABILITY = YES_AGGRESSIVE;
				CLANG_WARN_UNREACHABLE_CODE = YES;
				CLANG_WARN__DUPLICATE_METHOD_MATCH = YES;
				COPY_PHASE_STRIP = NO;
				DEBUG_INFORMATION_FORMAT = dwarf;
				ENABLE_STRICT_OBJC_MSGSEND = YES;
				ENABLE_TESTABILITY = YES;
				GCC_C_LANGUAGE_STANDARD = gnu11;
				GCC_DYNAMIC_NO_PIC = NO;
				GCC_NO_COMMON_BLOCKS = YES;
				GCC_OPTIMIZATION_LEVEL = 0;
				GCC_PREPROCESSOR_DEFINITIONS = (
					"DEBUG=1",
					"$(inherited)",
				);
				GCC_WARN_64_TO_32_BIT_CONVERSION = YES;
				GCC_WARN_ABOUT_RETURN_TYPE = YES_ERROR;
				GCC_WARN_UNDECLARED_SELECTOR = YES;
				GCC_WARN_UNINITIALIZED_AUTOS = YES_AGGRESSIVE;
				GCC_WARN_UNUSED_FUNCTION = YES;
				GCC_WARN_UNUSED_VARIABLE = YES;
				IPHONEOS_DEPLOYMENT_TARGET = 13.2;
				MTL_ENABLE_DEBUG_INFO = INCLUDE_SOURCE;
				MTL_FAST_MATH = YES;
				ONLY_ACTIVE_ARCH = YES;
				SDKROOT = iphoneos;
				SWIFT_ACTIVE_COMPILATION_CONDITIONS = DEBUG;
				SWIFT_OPTIMIZATION_LEVEL = "-Onone";
			};
			name = Debug;
		};
		667CD0AF244072A10097E556 /* Release */ = {
			isa = XCBuildConfiguration;
			buildSettings = {
				ALWAYS_SEARCH_USER_PATHS = NO;
				CLANG_ANALYZER_NONNULL = YES;
				CLANG_ANALYZER_NUMBER_OBJECT_CONVERSION = YES_AGGRESSIVE;
				CLANG_CXX_LANGUAGE_STANDARD = "gnu++14";
				CLANG_CXX_LIBRARY = "libc++";
				CLANG_ENABLE_MODULES = YES;
				CLANG_ENABLE_OBJC_ARC = YES;
				CLANG_ENABLE_OBJC_WEAK = YES;
				CLANG_WARN_BLOCK_CAPTURE_AUTORELEASING = YES;
				CLANG_WARN_BOOL_CONVERSION = YES;
				CLANG_WARN_COMMA = YES;
				CLANG_WARN_CONSTANT_CONVERSION = YES;
				CLANG_WARN_DEPRECATED_OBJC_IMPLEMENTATIONS = YES;
				CLANG_WARN_DIRECT_OBJC_ISA_USAGE = YES_ERROR;
				CLANG_WARN_DOCUMENTATION_COMMENTS = YES;
				CLANG_WARN_EMPTY_BODY = YES;
				CLANG_WARN_ENUM_CONVERSION = YES;
				CLANG_WARN_INFINITE_RECURSION = YES;
				CLANG_WARN_INT_CONVERSION = YES;
				CLANG_WARN_NON_LITERAL_NULL_CONVERSION = YES;
				CLANG_WARN_OBJC_IMPLICIT_RETAIN_SELF = YES;
				CLANG_WARN_OBJC_LITERAL_CONVERSION = YES;
				CLANG_WARN_OBJC_ROOT_CLASS = YES_ERROR;
				CLANG_WARN_RANGE_LOOP_ANALYSIS = YES;
				CLANG_WARN_STRICT_PROTOTYPES = YES;
				CLANG_WARN_SUSPICIOUS_MOVE = YES;
				CLANG_WARN_UNGUARDED_AVAILABILITY = YES_AGGRESSIVE;
				CLANG_WARN_UNREACHABLE_CODE = YES;
				CLANG_WARN__DUPLICATE_METHOD_MATCH = YES;
				COPY_PHASE_STRIP = NO;
				DEBUG_INFORMATION_FORMAT = "dwarf-with-dsym";
				ENABLE_NS_ASSERTIONS = NO;
				ENABLE_STRICT_OBJC_MSGSEND = YES;
				GCC_C_LANGUAGE_STANDARD = gnu11;
				GCC_NO_COMMON_BLOCKS = YES;
				GCC_WARN_64_TO_32_BIT_CONVERSION = YES;
				GCC_WARN_ABOUT_RETURN_TYPE = YES_ERROR;
				GCC_WARN_UNDECLARED_SELECTOR = YES;
				GCC_WARN_UNINITIALIZED_AUTOS = YES_AGGRESSIVE;
				GCC_WARN_UNUSED_FUNCTION = YES;
				GCC_WARN_UNUSED_VARIABLE = YES;
				IPHONEOS_DEPLOYMENT_TARGET = 13.2;
				MTL_ENABLE_DEBUG_INFO = NO;
				MTL_FAST_MATH = YES;
				SDKROOT = iphoneos;
				SWIFT_COMPILATION_MODE = wholemodule;
				SWIFT_OPTIMIZATION_LEVEL = "-O";
				VALIDATE_PRODUCT = YES;
			};
			name = Release;
		};
		667CD0B1244072A10097E556 /* Debug */ = {
			isa = XCBuildConfiguration;
			baseConfigurationReference = 18D252A601460DB64D0F95AE /* Pods-WebRTCDemo.debug.xcconfig */;
			buildSettings = {
				ASSETCATALOG_COMPILER_APPICON_NAME = AppIcon;
				CODE_SIGN_STYLE = Automatic;
				DEVELOPMENT_TEAM = C9FU286T96;
				ENABLE_BITCODE = NO;
				INFOPLIST_FILE = WebRTCDemo/Info.plist;
				LD_RUNPATH_SEARCH_PATHS = (
					"$(inherited)",
					"@executable_path/Frameworks",
				);
				PRODUCT_BUNDLE_IDENTIFIER = com.example.WebRTCDemo;
				PRODUCT_NAME = "$(TARGET_NAME)";
				SWIFT_VERSION = 5.0;
				TARGETED_DEVICE_FAMILY = "1,2";
			};
			name = Debug;
		};
		667CD0B2244072A10097E556 /* Release */ = {
			isa = XCBuildConfiguration;
			baseConfigurationReference = D2024A7EF98C3B28BAF3F5D1 /* Pods-WebRTCDemo.release.xcconfig */;
			buildSettings = {
				ASSETCATALOG_COMPILER_APPICON_NAME = AppIcon;
				CODE_SIGN_STYLE = Automatic;
				DEVELOPMENT_TEAM = C9FU286T96;
				ENABLE_BITCODE = NO;
				INFOPLIST_FILE = WebRTCDemo/Info.plist;
				LD_RUNPATH_SEARCH_PATHS = (
					"$(inherited)",
					"@executable_path/Frameworks",
				);
				PRODUCT_BUNDLE_IDENTIFIER = com.example.WebRTCDemo;
				PRODUCT_NAME = "$(TARGET_NAME)";
				SWIFT_VERSION = 5.0;
				TARGETED_DEVICE_FAMILY = "1,2";
			};
			name = Release;
		};
		667CD0B4244072A10097E556 /* Debug */ = {
			isa = XCBuildConfiguration;
			baseConfigurationReference = 0F79C665275170FB630B985E /* Pods-WebRTCDemoTests.debug.xcconfig */;
			buildSettings = {
				ALWAYS_EMBED_SWIFT_STANDARD_LIBRARIES = YES;
				BUNDLE_LOADER = "$(TEST_HOST)";
				CODE_SIGN_STYLE = Automatic;
				DEVELOPMENT_TEAM = C9FU286T96;
				INFOPLIST_FILE = WebRTCDemoTests/Info.plist;
				IPHONEOS_DEPLOYMENT_TARGET = 13.2;
				LD_RUNPATH_SEARCH_PATHS = (
					"$(inherited)",
					"@executable_path/Frameworks",
					"@loader_path/Frameworks",
				);
				PRODUCT_BUNDLE_IDENTIFIER = com.example.WebRTCDemoTests;
				PRODUCT_NAME = "$(TARGET_NAME)";
				SWIFT_VERSION = 5.0;
				TARGETED_DEVICE_FAMILY = "1,2";
				TEST_HOST = "$(BUILT_PRODUCTS_DIR)/WebRTCDemo.app/WebRTCDemo";
			};
			name = Debug;
		};
		667CD0B5244072A10097E556 /* Release */ = {
			isa = XCBuildConfiguration;
			baseConfigurationReference = 03F0FEA88E959DF31AF23699 /* Pods-WebRTCDemoTests.release.xcconfig */;
			buildSettings = {
				ALWAYS_EMBED_SWIFT_STANDARD_LIBRARIES = YES;
				BUNDLE_LOADER = "$(TEST_HOST)";
				CODE_SIGN_STYLE = Automatic;
				DEVELOPMENT_TEAM = C9FU286T96;
				INFOPLIST_FILE = WebRTCDemoTests/Info.plist;
				IPHONEOS_DEPLOYMENT_TARGET = 13.2;
				LD_RUNPATH_SEARCH_PATHS = (
					"$(inherited)",
					"@executable_path/Frameworks",
					"@loader_path/Frameworks",
				);
				PRODUCT_BUNDLE_IDENTIFIER = com.example.WebRTCDemoTests;
				PRODUCT_NAME = "$(TARGET_NAME)";
				SWIFT_VERSION = 5.0;
				TARGETED_DEVICE_FAMILY = "1,2";
				TEST_HOST = "$(BUILT_PRODUCTS_DIR)/WebRTCDemo.app/WebRTCDemo";
			};
			name = Release;
		};
/* End XCBuildConfiguration section */

/* Begin XCConfigurationList section */
		667CD08C2440729F0097E556 /* Build configuration list for PBXProject "WebRTCDemo" */ = {
			isa = XCConfigurationList;
			buildConfigurations = (
				667CD0AE244072A10097E556 /* Debug */,
				667CD0AF244072A10097E556 /* Release */,
			);
			defaultConfigurationIsVisible = 0;
			defaultConfigurationName = Release;
		};
		667CD0B0244072A10097E556 /* Build configuration list for PBXNativeTarget "WebRTCDemo" */ = {
			isa = XCConfigurationList;
			buildConfigurations = (
				667CD0B1244072A10097E556 /* Debug */,
				667CD0B2244072A10097E556 /* Release */,
			);
			defaultConfigurationIsVisible = 0;
			defaultConfigurationName = Release;
		};
		667CD0B3244072A10097E556 /* Build configuration list for PBXNativeTarget "WebRTCDemoTests" */ = {
			isa = XCConfigurationList;
			buildConfigurations = (
				667CD0B4244072A10097E556 /* Debug */,
				667CD0B5244072A10097E556 /* Release */,
			);
			defaultConfigurationIsVisible = 0;
			defaultConfigurationName = Release;
		};
/* End XCConfigurationList section */
	};
	rootObject = 667CD0892440729F0097E556 /* Project object */;
}
