PODS:
  - Socket.IO-Client-Swift (16.1.0):
    - Starscream (~> 4.0.6)
  - Starscream (4.0.8)
  - WebRTC-SDK (137.7151.11)

DEPENDENCIES:
  - Socket.IO-Client-Swift (= 16.1.0)
  - WebRTC-SDK (= 137.7151.11)

SPEC REPOS:
  trunk:
    - Socket.IO-Client-Swift
    - Starscream
    - WebRTC-SDK

SPEC CHECKSUMS:
  Socket.IO-Client-Swift: ee4b8f80a3db18dd7f32b266ddf273310609443c
  Starscream: 19b5533ddb925208db698f0ac508a100b884a1b9
  WebRTC-SDK: 02622170bcaa1ea06008e2c8f4496a3c6db2413f

PODFILE CHECKSUM: f42dfdd9996ebfa47d4ef59a9ebaaab3ee8b7277

COCOAPODS: 1.16.2
